PODS:
  - ActionSheetPicker-3.0 (2.4.0)
  - Agrume (5.6.5):
    - SwiftyGif
  - Alamofire (4.9.1)
  - Amplitude-iOS (4.9.3)
  - Atributika (4.9.5)
  - BEMCheckBox (1.4.1)
  - Branch (0.31.0):
    - Branch/Core (= 0.31.0)
  - Branch/Core (0.31.0)
  - Charts (3.4.0):
    - Charts/Core (= 3.4.0)
  - Charts/Core (3.4.0)
  - CocoaLumberjack (3.6.0):
    - CocoaLumberjack/Core (= 3.6.0)
  - CocoaLumberjack/Core (3.6.0)
  - Crashlytics (3.14.0):
    - Fabric (~> 1.10.2)
  - CRToast (0.0.9)
  - DeviceKit (3.0.0)
  - DownloadButton (0.1.0)
  - EasyTipView (2.0.4)
  - Fabric (1.10.2)
  - FBSDKCoreKit (5.13.0):
    - FBSDKCoreKit/Basics (= 5.13.0)
    - FBSDKCoreKit/Core (= 5.13.0)
  - FBSDKCoreKit/Basics (5.13.0)
  - FBSDKCoreKit/Core (5.13.0):
    - FBSDKCoreKit/Basics
  - FBSDKLoginKit (5.13.0):
    - FBSDKLoginKit/Login (= 5.13.0)
  - FBSDKLoginKit/Login (5.13.0):
    - FBSDKCoreKit (~> 5.0)
  - Firebase/Analytics (6.19.0):
    - Firebase/Core
  - Firebase/Core (6.19.0):
    - Firebase/CoreOnly
    - FirebaseAnalytics (= 6.3.1)
  - Firebase/CoreOnly (6.19.0):
    - FirebaseCore (= 6.6.4)
  - Firebase/Messaging (6.19.0):
    - Firebase/CoreOnly
    - FirebaseMessaging (~> 4.3.0)
  - Firebase/RemoteConfig (6.19.0):
    - Firebase/CoreOnly
    - FirebaseRemoteConfig (~> 4.4.9)
  - FirebaseABTesting (3.2.0):
    - FirebaseAnalyticsInterop (~> 1.3)
    - FirebaseCore (~> 6.1)
    - Protobuf (>= 3.9.2, ~> 3.9)
  - FirebaseAnalytics (6.3.1):
    - FirebaseCore (~> 6.6)
    - FirebaseInstallations (~> 1.1)
    - GoogleAppMeasurement (= 6.3.1)
    - GoogleUtilities/AppDelegateSwizzler (~> 6.0)
    - GoogleUtilities/MethodSwizzler (~> 6.0)
    - GoogleUtilities/Network (~> 6.0)
    - "GoogleUtilities/NSData+zlib (~> 6.0)"
    - nanopb (= 0.3.9011)
  - FirebaseAnalyticsInterop (1.5.0)
  - FirebaseCore (6.6.4):
    - FirebaseCoreDiagnostics (~> 1.2)
    - FirebaseCoreDiagnosticsInterop (~> 1.2)
    - GoogleUtilities/Environment (~> 6.5)
    - GoogleUtilities/Logger (~> 6.5)
  - FirebaseCoreDiagnostics (1.2.2):
    - FirebaseCoreDiagnosticsInterop (~> 1.2)
    - GoogleDataTransportCCTSupport (~> 2.0)
    - GoogleUtilities/Environment (~> 6.5)
    - GoogleUtilities/Logger (~> 6.5)
    - nanopb (~> 0.3.901)
  - FirebaseCoreDiagnosticsInterop (1.2.0)
  - FirebaseInstallations (1.1.0):
    - FirebaseCore (~> 6.6)
    - GoogleUtilities/UserDefaults (~> 6.5)
    - PromisesObjC (~> 1.2)
  - FirebaseInstanceID (4.3.2):
    - FirebaseCore (~> 6.6)
    - FirebaseInstallations (~> 1.0)
    - GoogleUtilities/Environment (~> 6.5)
    - GoogleUtilities/UserDefaults (~> 6.5)
  - FirebaseMessaging (4.3.0):
    - FirebaseAnalyticsInterop (~> 1.5)
    - FirebaseCore (~> 6.6)
    - FirebaseInstanceID (~> 4.3)
    - GoogleUtilities/AppDelegateSwizzler (~> 6.5)
    - GoogleUtilities/Environment (~> 6.5)
    - GoogleUtilities/Reachability (~> 6.5)
    - GoogleUtilities/UserDefaults (~> 6.5)
    - Protobuf (>= 3.9.2, ~> 3.9)
  - FirebaseRemoteConfig (4.4.9):
    - FirebaseABTesting (~> 3.1)
    - FirebaseAnalyticsInterop (~> 1.4)
    - FirebaseCore (~> 6.2)
    - FirebaseInstanceID (~> 4.2)
    - GoogleUtilities/Environment (~> 6.2)
    - "GoogleUtilities/NSData+zlib (~> 6.2)"
    - Protobuf (>= 3.9.2, ~> 3.9)
  - GoogleAppMeasurement (6.3.1):
    - GoogleUtilities/AppDelegateSwizzler (~> 6.0)
    - GoogleUtilities/MethodSwizzler (~> 6.0)
    - GoogleUtilities/Network (~> 6.0)
    - "GoogleUtilities/NSData+zlib (~> 6.0)"
    - nanopb (= 0.3.9011)
  - GoogleDataTransport (5.0.0)
  - GoogleDataTransportCCTSupport (2.0.0):
    - GoogleDataTransport (~> 5.0)
    - nanopb (~> 0.3.901)
  - GoogleUtilities/AppDelegateSwizzler (6.5.1):
    - GoogleUtilities/Environment
    - GoogleUtilities/Logger
    - GoogleUtilities/Network
  - GoogleUtilities/Environment (6.5.1)
  - GoogleUtilities/Logger (6.5.1):
    - GoogleUtilities/Environment
  - GoogleUtilities/MethodSwizzler (6.5.1):
    - GoogleUtilities/Logger
  - GoogleUtilities/Network (6.5.1):
    - GoogleUtilities/Logger
    - "GoogleUtilities/NSData+zlib"
    - GoogleUtilities/Reachability
  - "GoogleUtilities/NSData+zlib (6.5.1)"
  - GoogleUtilities/Reachability (6.5.1):
    - GoogleUtilities/Logger
  - GoogleUtilities/UserDefaults (6.5.1):
    - GoogleUtilities/Logger
  - HexColors (2.3.0)
  - Highlightr (2.1.0)
  - IQKeyboardManagerSwift (6.5.4)
  - Kanna (5.0.0)
  - Koloda (5.0):
    - pop (~> 1.0)
  - lottie-ios (2.5.3)
  - Mockingjay (3.0.0-alpha.1):
    - Mockingjay/Core (= 3.0.0-alpha.1)
    - Mockingjay/XCTest (= 3.0.0-alpha.1)
  - Mockingjay/Core (3.0.0-alpha.1):
    - URITemplate (~> 3.0)
  - Mockingjay/XCTest (3.0.0-alpha.1):
    - Mockingjay/Core
  - nanopb (0.3.9011):
    - nanopb/decode (= 0.3.9011)
    - nanopb/encode (= 0.3.9011)
  - nanopb/decode (0.3.9011)
  - nanopb/encode (0.3.9011)
  - Nimble (8.0.5)
  - Nuke (8.3.1)
  - Pageboy (3.5.0)
  - pop (1.0.12)
  - Presentr (1.9)
  - PromiseKit (6.13.0):
    - PromiseKit/CorePromise (= 6.13.0)
    - PromiseKit/Foundation (= 6.13.0)
    - PromiseKit/UIKit (= 6.13.0)
  - PromiseKit/CorePromise (6.13.0)
  - PromiseKit/Foundation (6.13.0):
    - PromiseKit/CorePromise
  - PromiseKit/UIKit (6.13.0):
    - PromiseKit/CorePromise
  - PromisesObjC (1.2.8)
  - Protobuf (3.11.4)
  - Quick (2.2.0)
  - Reveal-SDK (24)
  - SDWebImage (5.6.1):
    - SDWebImage/Core (= 5.6.1)
  - SDWebImage/Core (5.6.1)
  - SnapKit (5.0.1)
  - STRegex (2.1.1)
  - SVGKit (2.1.0):
    - CocoaLumberjack (~> 3.0)
  - SVProgressHUD (2.2.5)
  - SwiftDate (6.1.0)
  - SwiftLint (0.39.1)
  - SwiftyGif (5.2.0)
  - SwiftyJSON (5.0.0)
  - Tabman (2.8.0):
    - Pageboy (~> 3.5.0)
  - TSMessages (0.9.13):
    - HexColors (~> 2.3.0)
  - TTTAttributedLabel (2.0.0)
  - TUSafariActivity (1.0.4)
  - URITemplate (3.0.0)
  - VK-ios-sdk (1.5.1)
  - YandexMobileMetrica/Dynamic (3.9.4):
    - YandexMobileMetrica/Dynamic/Core (= 3.9.4)
    - YandexMobileMetrica/Dynamic/Crashes (= 3.9.4)
  - YandexMobileMetrica/Dynamic/Core (3.9.4)
  - YandexMobileMetrica/Dynamic/Crashes (3.9.4):
    - YandexMobileMetrica/Dynamic/Core

DEPENDENCIES:
  - ActionSheetPicker-3.0 (= 2.4.0)
  - Agrume (= 5.6.5)
  - Alamofire (= 4.9.1)
  - Amplitude-iOS (= 4.9.3)
  - Atributika (= 4.9.5)
  - BEMCheckBox (= 1.4.1)
  - Branch (= 0.31.0)
  - Charts (= 3.4.0)
  - Crashlytics (= 3.14.0)
  - CRToast (= 0.0.9)
  - DeviceKit (= 3.0.0)
  - DownloadButton (= 0.1.0)
  - EasyTipView (= 2.0.4)
  - Fabric (= 1.10.2)
  - FBSDKCoreKit (= 5.13.0)
  - FBSDKLoginKit (= 5.13.0)
  - Firebase/Analytics (= 6.19.0)
  - Firebase/Core (= 6.19.0)
  - Firebase/Messaging (= 6.19.0)
  - Firebase/RemoteConfig (= 6.19.0)
  - Highlightr (= 2.1.0)
  - IQKeyboardManagerSwift (= 6.5.4)
  - Kanna (= 5.0.0)
  - Koloda (= 5.0)
  - lottie-ios (= 2.5.3)
  - Mockingjay (= 3.0.0-alpha.1)
  - Nimble (= 8.0.5)
  - Nuke (= 8.3.1)
  - Presentr (= 1.9)
  - PromiseKit (= 6.13.0)
  - Quick (= 2.2.0)
  - Reveal-SDK
  - SDWebImage (= 5.6.1)
  - SnapKit (= 5.0.1)
  - STRegex (= 2.1.1)
  - SVGKit (from `https://github.com/SVGKit/SVGKit.git`, branch `2.x`)
  - SVProgressHUD (= 2.2.5)
  - SwiftDate (= 6.1.0)
  - SwiftLint (= 0.39.1)
  - SwiftyJSON (= 5.0.0)
  - Tabman (= 2.8.0)
  - TSMessages (from `https://github.com/KrauseFx/TSMessages.git`)
  - TTTAttributedLabel (= 2.0.0)
  - TUSafariActivity (= 1.0.4)
  - VK-ios-sdk (= 1.5.1)
  - YandexMobileMetrica/Dynamic (= 3.9.4)

SPEC REPOS:
  https://github.com/CocoaPods/Specs.git:
    - ActionSheetPicker-3.0
    - Agrume
    - Alamofire
    - Amplitude-iOS
    - Atributika
    - BEMCheckBox
    - Branch
    - Charts
    - CocoaLumberjack
    - Crashlytics
    - CRToast
    - DeviceKit
    - DownloadButton
    - EasyTipView
    - Fabric
    - FBSDKCoreKit
    - FBSDKLoginKit
    - Firebase
    - FirebaseABTesting
    - FirebaseAnalytics
    - FirebaseAnalyticsInterop
    - FirebaseCore
    - FirebaseCoreDiagnostics
    - FirebaseCoreDiagnosticsInterop
    - FirebaseInstallations
    - FirebaseInstanceID
    - FirebaseMessaging
    - FirebaseRemoteConfig
    - GoogleAppMeasurement
    - GoogleDataTransport
    - GoogleDataTransportCCTSupport
    - GoogleUtilities
    - HexColors
    - Highlightr
    - IQKeyboardManagerSwift
    - Kanna
    - Koloda
    - lottie-ios
    - Mockingjay
    - nanopb
    - Nimble
    - Nuke
    - Pageboy
    - pop
    - Presentr
    - PromiseKit
    - PromisesObjC
    - Protobuf
    - Quick
    - Reveal-SDK
    - SDWebImage
    - SnapKit
    - STRegex
    - SVProgressHUD
    - SwiftDate
    - SwiftLint
    - SwiftyGif
    - SwiftyJSON
    - Tabman
    - TTTAttributedLabel
    - TUSafariActivity
    - URITemplate
    - VK-ios-sdk
    - YandexMobileMetrica

EXTERNAL SOURCES:
  SVGKit:
    :branch: 2.x
    :git: https://github.com/SVGKit/SVGKit.git
  TSMessages:
    :git: https://github.com/KrauseFx/TSMessages.git

CHECKOUT OPTIONS:
  SVGKit:
    :commit: c40671b9a264f8f71831c4e0452736debfae2164
    :git: https://github.com/SVGKit/SVGKit.git
  TSMessages:
    :commit: e4802d290362c87ba8a35c1afae88668dba8ab9a
    :git: https://github.com/KrauseFx/TSMessages.git

SPEC CHECKSUMS:
  ActionSheetPicker-3.0: c68e1f8355828b4e1c823fa87185aacfef5e6fe3
  Agrume: ad8e6428b9e1cb305ff14ee6195cefe2f938d13d
  Alamofire: 85e8a02c69d6020a0d734f6054870d7ecb75cf18
  Amplitude-iOS: 122e026c44db8460e5efcf84859aa290a0ae9786
  Atributika: 19429d34013b6d860feb5427c67bdbd219414e1f
  BEMCheckBox: 5ba6e37ade3d3657b36caecc35c8b75c6c2b1a4e
  Branch: d2e1611afa9ea9aa36fa1996df7f38ca2c3eb03e
  Charts: 74c9f256eaf0460c0c416522d1cf8c634ea6b286
  CocoaLumberjack: 78b0c238666f4f58db069738ec176f4519557516
  Crashlytics: 540b7e5f5da5a042647227a5e3ac51d85eed06df
  CRToast: 5a78c22b921c5ed3487488af605bc403a9c92fed
  DeviceKit: fc3c2bd361a8d68d8a91eb715e453aede57317e5
  DownloadButton: 49a21a89e0d7d1b42d9134f79aaa40e727cd57c3
  EasyTipView: 4f8beae0a82db2ca4a9b5fd658785fc5f61d296b
  Fabric: 706c8b8098fff96c33c0db69cbf81f9c551d0d74
  FBSDKCoreKit: b1645dba3dfdba6102f2d4026fdbfca8114dc229
  FBSDKLoginKit: 4aca55e93a63b1ff0cb9446208d49e32c13ab24a
  Firebase: d55ddb0e0bb3207166cddc028647833d8a1b5b6f
  FirebaseABTesting: 821a3a3e4a145987e80fee3657c4de1cb9adf693
  FirebaseAnalytics: 572e467f3d977825266e8ccd52674aa3e6f47eac
  FirebaseAnalyticsInterop: 3f86269c38ae41f47afeb43ebf32a001f58fcdae
  FirebaseCore: ed0a24c758a57c2b88c5efa8e6a8195e868af589
  FirebaseCoreDiagnostics: e9b4cd8ba60dee0f2d13347332e4b7898cca5b61
  FirebaseCoreDiagnosticsInterop: 296e2c5f5314500a850ad0b83e9e7c10b011a850
  FirebaseInstallations: 575cd32f2aec0feeb0e44f5d0110a09e5e60b47b
  FirebaseInstanceID: 7ee0d6777013bb952f377b41965bf132b6a075be
  FirebaseMessaging: 4ec33842d36b3319e062e51fb8b35a74f726950d
  FirebaseRemoteConfig: 47abf7a04a9082091955ea555aa79cfdd249b19c
  GoogleAppMeasurement: c29d405ff76e18551b5d158eaba6753fda8c7542
  GoogleDataTransport: a857c6a002d201b524dd4bc2ed7e7355ed07e785
  GoogleDataTransportCCTSupport: 32f75fbe904c82772fcbb6b6bd4525bfb6f2a862
  GoogleUtilities: 06eb53bb579efe7099152735900dd04bf09e7275
  HexColors: 6ad3947c3447a055a3aa8efa859def096351fe5f
  Highlightr: 595f3e100737c8de41113385da8bd0b5b65212c6
  IQKeyboardManagerSwift: 2dde0fc70110e8eac7ccce2a46fdbec6a850b414
  Kanna: a32875df62975f8f4b871e933b4ea1a5c3b8be0f
  Koloda: 75302d21882cc3e274c1561b1155805ea5919dab
  lottie-ios: a50d5c0160425cd4b01b852bb9578963e6d92d31
  Mockingjay: 0f7c5aa49c7f1b95621cee3c79b557141f5a225c
  nanopb: 18003b5e52dab79db540fe93fe9579f399bd1ccd
  Nimble: 4ab1aeb9b45553c75b9687196b0fa0713170a332
  Nuke: 85fb80f8df0cb26c28d2f4e0cb7fb93bcd6548d3
  Pageboy: 3794c578aae5fcce06e90b3ed4a0ad6b807d75bb
  pop: d582054913807fd11fd50bfe6a539d91c7e1a55a
  Presentr: 7078d7eb5d1661ebeaae60c9e42a1e534de1b993
  PromiseKit: c8668a559f26c98277a543192c51bc38dd2dfc76
  PromisesObjC: c119f3cd559f50b7ae681fa59dc1acd19173b7e6
  Protobuf: 176220c526ad8bd09ab1fb40a978eac3fef665f7
  Quick: 7fb19e13be07b5dfb3b90d4f9824c855a11af40e
  Reveal-SDK: 5d7e56b8f018c0a88b3a2c10bf68d598bbd3b071
  SDWebImage: 7edb9c3ea661e77a66661f7f044de8c1b55d1120
  SnapKit: 97b92857e3df3a0c71833cce143274bf6ef8e5eb
  STRegex: d49e88d0fe58538d3175fdd989bc1243b9be2a07
  SVGKit: 8a2fc74258bdb2abb54d3b65f3dd68b0277a9c4d
  SVProgressHUD: 1428aafac632c1f86f62aa4243ec12008d7a51d6
  SwiftDate: fa2bb3962056bb44047b4b85a30044e5eae30b03
  SwiftLint: 55e96a4a4d537d4a3156859fc1c54bd24851a046
  SwiftyGif: b85c6b33a9411859d9e1db998b6a8214aea942df
  SwiftyJSON: 36413e04c44ee145039d332b4f4e2d3e8d6c4db7
  Tabman: f62ad94ee54a7d96e3fbab34f677d9ea4d38ece6
  TSMessages: eb3cf27b6900684a21bad4fe9ea426e287b8c839
  TTTAttributedLabel: 8cffe8e127e4e82ff3af1e5386d4cd0ad000b656
  TUSafariActivity: afc55a00965377939107ce4fdc7f951f62454546
  URITemplate: 58e0d47f967006c5d59888af5356c4a8ed3b197d
  VK-ios-sdk: 62a10b6571fbcda0657f455fedce7fedf55b4cd0
  YandexMobileMetrica: 1030df2959c886a7be3bc3d274eb54c8e86afd6f

PODFILE CHECKSUM: 862182232c8c138cc30830257ae9f062a08c743c

COCOAPODS: 1.9.1
