PODS:
  - ActionSheetPicker-3.0 (2.3.0)
  - Agrume (5.3.2):
    - SwiftyGif
  - Alamofire (4.9.1)
  - Amplitude-iOS (4.8.2)
  - Atributika (4.9.0)
  - AutoInsetter (1.7.2)
  - BEMCheckBox (1.4.1)
  - Branch (0.25.11):
    - Branch/Core (= 0.25.11)
  - Branch/Core (0.25.11)
  - Charts (3.4.0):
    - Charts/Core (= 3.4.0)
  - Charts/Core (3.4.0)
  - CocoaLumberjack (3.6.0):
    - CocoaLumberjack/Core (= 3.6.0)
  - CocoaLumberjack/Core (3.6.0)
  - Crashlytics (3.14.0):
    - Fabric (~> 1.10.2)
  - CRToast (0.0.9)
  - DeviceKit (2.3.0)
  - DownloadButton (0.1.0)
  - EasyTipView (2.0.4)
  - Fabric (1.10.2)
  - FBSDKCoreKit (5.8.0):
    - FBSDKCoreKit/Basics (= 5.8.0)
    - FBSDKCoreKit/Core (= 5.8.0)
  - FBSDKCoreKit/Basics (5.8.0)
  - FBSDKCoreKit/Core (5.8.0):
    - FBSDKCoreKit/Basics
  - FBSDKLoginKit (5.8.0):
    - FBSDKLoginKit/Login (= 5.8.0)
  - FBSDKLoginKit/Login (5.8.0):
    - FBSDKCoreKit (~> 5.0)
  - Firebase/Analytics (6.13.0):
    - Firebase/Core
  - Firebase/Core (6.13.0):
    - Firebase/CoreOnly
    - FirebaseAnalytics (= 6.1.6)
  - Firebase/CoreOnly (6.13.0):
    - FirebaseCore (= 6.4.0)
  - Firebase/Messaging (6.13.0):
    - Firebase/CoreOnly
    - FirebaseMessaging (~> 4.1.9)
  - Firebase/RemoteConfig (6.13.0):
    - Firebase/CoreOnly
    - FirebaseRemoteConfig (~> 4.4.5)
  - FirebaseABTesting (3.1.2):
    - FirebaseAnalyticsInterop (~> 1.3)
    - FirebaseCore (~> 6.1)
    - Protobuf (>= 3.9.2, ~> 3.9)
  - FirebaseAnalytics (6.1.6):
    - FirebaseCore (~> 6.4)
    - FirebaseInstanceID (~> 4.2)
    - GoogleAppMeasurement (= 6.1.6)
    - GoogleUtilities/AppDelegateSwizzler (~> 6.0)
    - GoogleUtilities/MethodSwizzler (~> 6.0)
    - GoogleUtilities/Network (~> 6.0)
    - "GoogleUtilities/NSData+zlib (~> 6.0)"
    - nanopb (= 0.3.9011)
  - FirebaseAnalyticsInterop (1.4.0)
  - FirebaseCore (6.4.0):
    - FirebaseCoreDiagnostics (~> 1.0)
    - FirebaseCoreDiagnosticsInterop (~> 1.0)
    - GoogleUtilities/Environment (~> 6.2)
    - GoogleUtilities/Logger (~> 6.2)
  - FirebaseCoreDiagnostics (1.1.1):
    - FirebaseCoreDiagnosticsInterop (~> 1.0)
    - GoogleDataTransportCCTSupport (~> 1.0)
    - GoogleUtilities/Environment (~> 6.2)
    - GoogleUtilities/Logger (~> 6.2)
    - nanopb (~> 0.3.901)
  - FirebaseCoreDiagnosticsInterop (1.1.0)
  - FirebaseInstanceID (4.2.7):
    - FirebaseCore (~> 6.0)
    - GoogleUtilities/Environment (~> 6.0)
    - GoogleUtilities/UserDefaults (~> 6.0)
  - FirebaseMessaging (4.1.9):
    - FirebaseAnalyticsInterop (~> 1.3)
    - FirebaseCore (~> 6.2)
    - FirebaseInstanceID (~> 4.1)
    - GoogleUtilities/AppDelegateSwizzler (~> 6.2)
    - GoogleUtilities/Environment (~> 6.2)
    - GoogleUtilities/Reachability (~> 6.2)
    - GoogleUtilities/UserDefaults (~> 6.2)
    - Protobuf (>= 3.9.2, ~> 3.9)
  - FirebaseRemoteConfig (4.4.5):
    - FirebaseABTesting (~> 3.1)
    - FirebaseAnalyticsInterop (~> 1.4)
    - FirebaseCore (~> 6.2)
    - FirebaseInstanceID (~> 4.2)
    - GoogleUtilities/Environment (~> 6.2)
    - "GoogleUtilities/NSData+zlib (~> 6.2)"
    - Protobuf (>= 3.9.2, ~> 3.9)
  - GoogleAppMeasurement (6.1.6):
    - GoogleUtilities/AppDelegateSwizzler (~> 6.0)
    - GoogleUtilities/MethodSwizzler (~> 6.0)
    - GoogleUtilities/Network (~> 6.0)
    - "GoogleUtilities/NSData+zlib (~> 6.0)"
    - nanopb (= 0.3.9011)
  - GoogleDataTransport (3.1.0)
  - GoogleDataTransportCCTSupport (1.2.1):
    - GoogleDataTransport (~> 3.0)
    - nanopb (~> 0.3.901)
  - GoogleUtilities/AppDelegateSwizzler (6.3.2):
    - GoogleUtilities/Environment
    - GoogleUtilities/Logger
    - GoogleUtilities/Network
  - GoogleUtilities/Environment (6.3.2)
  - GoogleUtilities/Logger (6.3.2):
    - GoogleUtilities/Environment
  - GoogleUtilities/MethodSwizzler (6.3.2):
    - GoogleUtilities/Logger
  - GoogleUtilities/Network (6.3.2):
    - GoogleUtilities/Logger
    - "GoogleUtilities/NSData+zlib"
    - GoogleUtilities/Reachability
  - "GoogleUtilities/NSData+zlib (6.3.2)"
  - GoogleUtilities/Reachability (6.3.2):
    - GoogleUtilities/Logger
  - GoogleUtilities/UserDefaults (6.3.2):
    - GoogleUtilities/Logger
  - HexColors (2.3.0)
  - Highlightr (2.1.0)
  - IQKeyboardManagerSwift (6.5.1)
  - Kanna (4.0.3)
  - Koloda (4.7):
    - pop (~> 1.0)
  - Logging (0.0.1)
  - lottie-ios (2.5.3)
  - Mockingjay (2.0.1):
    - Mockingjay/Core (= 2.0.1)
    - Mockingjay/XCTest (= 2.0.1)
  - Mockingjay/Core (2.0.1):
    - URITemplate (~> 2.0)
  - Mockingjay/XCTest (2.0.1):
    - Mockingjay/Core
  - nanopb (0.3.9011):
    - nanopb/decode (= 0.3.9011)
    - nanopb/encode (= 0.3.9011)
  - nanopb/decode (0.3.9011)
  - nanopb/encode (0.3.9011)
  - Nimble (8.0.4)
  - Nuke (8.3.1)
  - Pageboy (3.2.3)
  - pop (1.0.12)
  - Presentr (1.9)
  - PromiseKit (6.11.0):
    - PromiseKit/CorePromise (= 6.11.0)
    - PromiseKit/Foundation (= 6.11.0)
    - PromiseKit/UIKit (= 6.11.0)
  - PromiseKit/CorePromise (6.11.0)
  - PromiseKit/Foundation (6.11.0):
    - PromiseKit/CorePromise
  - PromiseKit/UIKit (6.11.0):
    - PromiseKit/CorePromise
  - Protobuf (3.10.0)
  - Quick (2.2.0)
  - Reveal-SDK (24)
  - SDWebImage (5.3.1):
    - SDWebImage/Core (= 5.3.1)
  - SDWebImage/Core (5.3.1)
  - SnapKit (4.2.0)
  - STRegex (2.1.0)
  - SVGKit (2.1.0):
    - CocoaLumberjack (~> 3.0)
  - SVProgressHUD (2.2.5)
  - SwiftDate (6.1.0)
  - SwiftLint (0.35.0)
  - SwiftyGif (5.2.0)
  - SwiftyJSON (5.0.0)
  - Tabman (2.4.3):
    - AutoInsetter (~> 1.7.2)
    - Pageboy (~> 3.2.3)
  - TSMessages (0.9.13):
    - HexColors (~> 2.3.0)
  - TTTAttributedLabel (2.0.0)
  - TUSafariActivity (1.0.4)
  - URITemplate (2.0.3)
  - VK-ios-sdk (1.5.1)
  - YandexMobileMetrica/Dynamic (3.8.2):
    - YandexMobileMetrica/Dynamic/Core (= 3.8.2)
    - YandexMobileMetrica/Dynamic/Crashes (= 3.8.2)
  - YandexMobileMetrica/Dynamic/Core (3.8.2)
  - YandexMobileMetrica/Dynamic/Crashes (3.8.2):
    - YandexMobileMetrica/Dynamic/Core

DEPENDENCIES:
  - ActionSheetPicker-3.0 (= 2.3.0)
  - Agrume (= 5.3.2)
  - Alamofire (= 4.9.1)
  - Amplitude-iOS (= 4.8.2)
  - Atributika (= 4.9.0)
  - BEMCheckBox (= 1.4.1)
  - Branch (= 0.25.11)
  - Charts (= 3.4.0)
  - Crashlytics (= 3.14.0)
  - CRToast (= 0.0.9)
  - DeviceKit (= 2.3.0)
  - DownloadButton (= 0.1.0)
  - EasyTipView (= 2.0.4)
  - Fabric (= 1.10.2)
  - FBSDKCoreKit (= 5.8.0)
  - FBSDKLoginKit (= 5.8.0)
  - Firebase/Analytics (= 6.13.0)
  - Firebase/Core (= 6.13.0)
  - Firebase/Messaging (= 6.13.0)
  - Firebase/RemoteConfig (= 6.13.0)
  - Highlightr (= 2.1.0)
  - IQKeyboardManagerSwift (= 6.5.1)
  - Kanna (= 4.0.3)
  - Koloda (= 4.7)
  - Logging (from `https://github.com/ivan-magda/swift-log.git`, branch `swift-4`)
  - lottie-ios (= 2.5.3)
  - Mockingjay (= 2.0.1)
  - Nimble (= 8.0.4)
  - Nuke (= 8.3.1)
  - Presentr (= 1.9)
  - PromiseKit (= 6.11.0)
  - Quick (= 2.2.0)
  - Reveal-SDK
  - SDWebImage (= 5.3.1)
  - SnapKit (= 4.2.0)
  - STRegex (= 2.1.0)
  - SVGKit (from `https://github.com/SVGKit/SVGKit.git`, branch `2.x`)
  - SVProgressHUD (= 2.2.5)
  - SwiftDate (= 6.1.0)
  - SwiftLint (= 0.35.0)
  - SwiftyJSON (= 5.0.0)
  - Tabman (= 2.4.3)
  - TSMessages (from `https://github.com/KrauseFx/TSMessages.git`)
  - TTTAttributedLabel (= 2.0.0)
  - TUSafariActivity (= 1.0.4)
  - VK-ios-sdk (= 1.5.1)
  - YandexMobileMetrica/Dynamic (= 3.8.2)

SPEC REPOS:
  https://github.com/CocoaPods/Specs.git:
    - ActionSheetPicker-3.0
    - Agrume
    - Alamofire
    - Amplitude-iOS
    - Atributika
    - AutoInsetter
    - BEMCheckBox
    - Branch
    - Charts
    - CocoaLumberjack
    - Crashlytics
    - CRToast
    - DeviceKit
    - DownloadButton
    - EasyTipView
    - Fabric
    - FBSDKCoreKit
    - FBSDKLoginKit
    - Firebase
    - FirebaseABTesting
    - FirebaseAnalytics
    - FirebaseAnalyticsInterop
    - FirebaseCore
    - FirebaseCoreDiagnostics
    - FirebaseCoreDiagnosticsInterop
    - FirebaseInstanceID
    - FirebaseMessaging
    - FirebaseRemoteConfig
    - GoogleAppMeasurement
    - GoogleDataTransport
    - GoogleDataTransportCCTSupport
    - GoogleUtilities
    - HexColors
    - Highlightr
    - IQKeyboardManagerSwift
    - Kanna
    - Koloda
    - lottie-ios
    - Mockingjay
    - nanopb
    - Nimble
    - Nuke
    - Pageboy
    - pop
    - Presentr
    - PromiseKit
    - Protobuf
    - Quick
    - Reveal-SDK
    - SDWebImage
    - SnapKit
    - STRegex
    - SVProgressHUD
    - SwiftDate
    - SwiftLint
    - SwiftyGif
    - SwiftyJSON
    - Tabman
    - TTTAttributedLabel
    - TUSafariActivity
    - URITemplate
    - VK-ios-sdk
    - YandexMobileMetrica

EXTERNAL SOURCES:
  Logging:
    :branch: swift-4
    :git: https://github.com/ivan-magda/swift-log.git
  SVGKit:
    :branch: 2.x
    :git: https://github.com/SVGKit/SVGKit.git
  TSMessages:
    :git: https://github.com/KrauseFx/TSMessages.git

CHECKOUT OPTIONS:
  Logging:
    :commit: cca23268da048a8d16b7a1dd88dcbd7dbda92a7b
    :git: https://github.com/ivan-magda/swift-log.git
  SVGKit:
    :commit: c40671b9a264f8f71831c4e0452736debfae2164
    :git: https://github.com/SVGKit/SVGKit.git
  TSMessages:
    :commit: e4802d290362c87ba8a35c1afae88668dba8ab9a
    :git: https://github.com/KrauseFx/TSMessages.git

SPEC CHECKSUMS:
  ActionSheetPicker-3.0: eef157d75e151f255c5333d26656c7fbfe905a51
  Agrume: 171c1d1079324195c7ce04af4c7a66d86a9cf952
  Alamofire: 85e8a02c69d6020a0d734f6054870d7ecb75cf18
  Amplitude-iOS: 46c8e6e65c49bb1ad1909a9add1a68e1f8562b3f
  Atributika: 0127bf02cd86a16c3f29581627b2276af7096747
  AutoInsetter: 176c5c069b40bf6afa51bf7081be346ab70ca315
  BEMCheckBox: 5ba6e37ade3d3657b36caecc35c8b75c6c2b1a4e
  Branch: 3cc6dcfd726db42ced22c418c0fb09aa5e90a847
  Charts: 74c9f256eaf0460c0c416522d1cf8c634ea6b286
  CocoaLumberjack: 78b0c238666f4f58db069738ec176f4519557516
  Crashlytics: 540b7e5f5da5a042647227a5e3ac51d85eed06df
  CRToast: 5a78c22b921c5ed3487488af605bc403a9c92fed
  DeviceKit: da103891aa928d89f64ea8dd8aca738c5f3d8ac0
  DownloadButton: 49a21a89e0d7d1b42d9134f79aaa40e727cd57c3
  EasyTipView: 4f8beae0a82db2ca4a9b5fd658785fc5f61d296b
  Fabric: 706c8b8098fff96c33c0db69cbf81f9c551d0d74
  FBSDKCoreKit: e7dcac0aabcfb09d0166998edd95fe3b05a0ce5d
  FBSDKLoginKit: 1b0cf04df0370b37404213157b060d6666ede814
  Firebase: 458d109512200d1aca2e1b9b6cf7d68a869a4a46
  FirebaseABTesting: 0d10f3cdc3fa00f3f175b5b56c1003c8e888299f
  FirebaseAnalytics: 45f36d9c429fc91d206283900ab75390cd05ee8a
  FirebaseAnalyticsInterop: d48b6ab67bcf016a05e55b71fc39c61c0cb6b7f3
  FirebaseCore: 307ea2508df730c5865334e41965bd9ea344b0e5
  FirebaseCoreDiagnostics: af29e43048607588c050889d19204f4d7b758c9f
  FirebaseCoreDiagnosticsInterop: e9b1b023157e3a2fc6418b5cb601e79b9af7b3a0
  FirebaseInstanceID: ebd2ea79ee38db0cb5f5167b17a0d387e1cc7b6e
  FirebaseMessaging: e8d71368a5c579083da02203146c953f3386d503
  FirebaseRemoteConfig: 6ad68503c04701b8d9d709240711bc0bf6edaf94
  GoogleAppMeasurement: dfe55efa543e899d906309eaaac6ca26d249862f
  GoogleDataTransport: 67cc56f6280d1bc9d470285e851ec49ee9013dba
  GoogleDataTransportCCTSupport: f6ab1962e9dc05ab1fb938b795e5b310209edeec
  GoogleUtilities: 547a86735c6f0ee30ad17e94df4fc21f616b71cb
  HexColors: 6ad3947c3447a055a3aa8efa859def096351fe5f
  Highlightr: 595f3e100737c8de41113385da8bd0b5b65212c6
  IQKeyboardManagerSwift: 9ac7524fad9f9fe9a3b98c927e7772471ca546d2
  Kanna: 0ebbdd0e7e3308f0aafbd569e79c8cadc5eb877c
  Koloda: f456d003d2ce15ef9f10c2874a444f1f570b490c
  Logging: 30d7a6efba25f06bee2b6f5f76914baaeac2e422
  lottie-ios: a50d5c0160425cd4b01b852bb9578963e6d92d31
  Mockingjay: 11a621880d2887f1775bdcf824341eb68f218450
  nanopb: 18003b5e52dab79db540fe93fe9579f399bd1ccd
  Nimble: 18d5360282923225d62b09d781f63abc1a0111fc
  Nuke: 85fb80f8df0cb26c28d2f4e0cb7fb93bcd6548d3
  Pageboy: 347c49b3a7f15aa78ddb6bf5c6c3b113e382fe52
  pop: d582054913807fd11fd50bfe6a539d91c7e1a55a
  Presentr: 7078d7eb5d1661ebeaae60c9e42a1e534de1b993
  PromiseKit: e4863d06976e7dee5e41c04fc7371c16b3600292
  Protobuf: a4dc852ad69c027ca2166ed287b856697814375b
  Quick: 7fb19e13be07b5dfb3b90d4f9824c855a11af40e
  Reveal-SDK: 5d7e56b8f018c0a88b3a2c10bf68d598bbd3b071
  SDWebImage: 7137d57385fb632129838c1e6ab9528a22c666cc
  SnapKit: fe8a619752f3f27075cc9a90244d75c6c3f27e2a
  STRegex: dfa420d93d8c1402956233b3879ec1fc14b45fbe
  SVGKit: 8a2fc74258bdb2abb54d3b65f3dd68b0277a9c4d
  SVProgressHUD: 1428aafac632c1f86f62aa4243ec12008d7a51d6
  SwiftDate: fa2bb3962056bb44047b4b85a30044e5eae30b03
  SwiftLint: 5553187048b900c91aa03552807681bb6b027846
  SwiftyGif: b85c6b33a9411859d9e1db998b6a8214aea942df
  SwiftyJSON: 36413e04c44ee145039d332b4f4e2d3e8d6c4db7
  Tabman: c2c83ebfcbec3e5be67e27a1dd6689a4e3efccd3
  TSMessages: eb3cf27b6900684a21bad4fe9ea426e287b8c839
  TTTAttributedLabel: 8cffe8e127e4e82ff3af1e5386d4cd0ad000b656
  TUSafariActivity: afc55a00965377939107ce4fdc7f951f62454546
  URITemplate: ace0c4c46dcf8afe6e89b4060621852886b15c3b
  VK-ios-sdk: 62a10b6571fbcda0657f455fedce7fedf55b4cd0
  YandexMobileMetrica: edb00e8af2903290e142ba4c488adf8d394e828a

PODFILE CHECKSUM: 8e0b343721ed09ede8dc1981e8573bad3e06a13b

COCOAPODS: 1.8.4
