PODS:
  - ActionSheetPicker-3.0 (2.4.0)
  - Agrume (5.6.8):
    - SwiftyGif
  - Alamofire (5.2.2)
  - Amplitude-iOS (4.9.3)
  - AppAuth (1.4.0):
    - AppAuth/Core (= 1.4.0)
    - AppAuth/ExternalUserAgent (= 1.4.0)
  - AppAuth/Core (1.4.0)
  - AppAuth/ExternalUserAgent (1.4.0)
  - Atributika (4.9.9)
  - BEMCheckBox (1.4.1)
  - Branch (0.31.0):
    - Branch/Core (= 0.31.0)
  - Branch/Core (0.31.0)
  - Charts (3.4.0):
    - Charts/Core (= 3.4.0)
  - Charts/Core (3.4.0)
  - CocoaLumberjack (3.6.1):
    - CocoaLumberjack/Core (= 3.6.1)
  - CocoaLumberjack/Core (3.6.1)
  - CRToast (0.0.9)
  - DeviceKit (3.2.0)
  - DownloadButton (0.1.0)
  - EasyTipView (2.0.4)
  - FBSDKCoreKit (7.1.0):
    - FBSDKCoreKit/Basics (= 7.1.0)
    - FBSDKCoreKit/Core (= 7.1.0)
  - FBSDKCoreKit/Basics (7.1.0)
  - FBSDKCoreKit/Core (7.1.0):
    - FBSDKCoreKit/Basics
  - FBSDKLoginKit (7.1.0):
    - FBSDKLoginKit/Login (= 7.1.0)
  - FBSDKLoginKit/Login (7.1.0):
    - FBSDKCoreKit (~> 7.1.0)
  - Firebase/Analytics (6.30.0):
    - Firebase/Core
  - Firebase/Core (6.30.0):
    - Firebase/CoreOnly
    - FirebaseAnalytics (= 6.7.2)
  - Firebase/CoreOnly (6.30.0):
    - FirebaseCore (= 6.10.0)
  - Firebase/Crashlytics (6.30.0):
    - Firebase/CoreOnly
    - FirebaseCrashlytics (~> 4.4.0)
  - Firebase/Messaging (6.30.0):
    - Firebase/CoreOnly
    - FirebaseMessaging (~> 4.6.1)
  - Firebase/RemoteConfig (6.30.0):
    - Firebase/CoreOnly
    - FirebaseRemoteConfig (~> 4.9.0)
  - FirebaseABTesting (4.2.0):
    - FirebaseCore (~> 6.10)
  - FirebaseAnalytics (6.7.2):
    - FirebaseCore (~> 6.8)
    - FirebaseInstallations (~> 1.4)
    - GoogleAppMeasurement (= 6.7.2)
    - GoogleUtilities/AppDelegateSwizzler (~> 6.7)
    - GoogleUtilities/MethodSwizzler (~> 6.7)
    - GoogleUtilities/Network (~> 6.7)
    - "GoogleUtilities/NSData+zlib (~> 6.7)"
    - nanopb (~> 1.30905.0)
  - FirebaseCore (6.10.0):
    - FirebaseCoreDiagnostics (~> 1.3)
    - GoogleUtilities/Environment (~> 6.7)
    - GoogleUtilities/Logger (~> 6.7)
  - FirebaseCoreDiagnostics (1.5.0):
    - GoogleDataTransport (~> 7.0)
    - GoogleUtilities/Environment (~> 6.7)
    - GoogleUtilities/Logger (~> 6.7)
    - nanopb (~> 1.30905.0)
  - FirebaseCrashlytics (4.4.0):
    - FirebaseCore (~> 6.10)
    - FirebaseInstallations (~> 1.6)
    - GoogleDataTransport (~> 7.2)
    - nanopb (~> 1.30905.0)
    - PromisesObjC (~> 1.2)
  - FirebaseInstallations (1.6.0):
    - FirebaseCore (~> 6.10)
    - GoogleUtilities/Environment (~> 6.7)
    - GoogleUtilities/UserDefaults (~> 6.7)
    - PromisesObjC (~> 1.2)
  - FirebaseInstanceID (4.5.1):
    - FirebaseCore (~> 6.8)
    - FirebaseInstallations (~> 1.0)
    - GoogleUtilities/Environment (~> 6.7)
    - GoogleUtilities/UserDefaults (~> 6.7)
  - FirebaseMessaging (4.6.1):
    - FirebaseCore (~> 6.8)
    - FirebaseInstanceID (~> 4.3)
    - GoogleUtilities/AppDelegateSwizzler (~> 6.7)
    - GoogleUtilities/Environment (~> 6.7)
    - GoogleUtilities/Reachability (~> 6.7)
    - GoogleUtilities/UserDefaults (~> 6.7)
    - Protobuf (>= 3.9.2, ~> 3.9)
  - FirebaseRemoteConfig (4.9.0):
    - FirebaseABTesting (~> 4.2)
    - FirebaseCore (~> 6.10)
    - FirebaseInstallations (~> 1.6)
    - GoogleUtilities/Environment (~> 6.7)
    - "GoogleUtilities/NSData+zlib (~> 6.7)"
  - GoogleAppMeasurement (6.7.2):
    - GoogleUtilities/AppDelegateSwizzler (~> 6.7)
    - GoogleUtilities/MethodSwizzler (~> 6.7)
    - GoogleUtilities/Network (~> 6.7)
    - "GoogleUtilities/NSData+zlib (~> 6.7)"
    - nanopb (~> 1.30905.0)
  - GoogleDataTransport (7.2.0):
    - nanopb (~> 1.30905.0)
  - GoogleSignIn (5.0.2):
    - AppAuth (~> 1.2)
    - GTMAppAuth (~> 1.0)
    - GTMSessionFetcher/Core (~> 1.1)
  - GoogleUtilities/AppDelegateSwizzler (6.7.2):
    - GoogleUtilities/Environment
    - GoogleUtilities/Logger
    - GoogleUtilities/Network
  - GoogleUtilities/Environment (6.7.2):
    - PromisesObjC (~> 1.2)
  - GoogleUtilities/Logger (6.7.2):
    - GoogleUtilities/Environment
  - GoogleUtilities/MethodSwizzler (6.7.2):
    - GoogleUtilities/Logger
  - GoogleUtilities/Network (6.7.2):
    - GoogleUtilities/Logger
    - "GoogleUtilities/NSData+zlib"
    - GoogleUtilities/Reachability
  - "GoogleUtilities/NSData+zlib (6.7.2)"
  - GoogleUtilities/Reachability (6.7.2):
    - GoogleUtilities/Logger
  - GoogleUtilities/UserDefaults (6.7.2):
    - GoogleUtilities/Logger
  - GTMAppAuth (1.0.0):
    - AppAuth/Core (~> 1.0)
    - GTMSessionFetcher (~> 1.1)
  - GTMSessionFetcher (1.4.0):
    - GTMSessionFetcher/Full (= 1.4.0)
  - GTMSessionFetcher/Core (1.4.0)
  - GTMSessionFetcher/Full (1.4.0):
    - GTMSessionFetcher/Core (= 1.4.0)
  - HexColors (2.3.0)
  - Highlightr (2.1.0)
  - IQKeyboardManagerSwift (6.5.4)
  - Kanna (5.2.2)
  - Koloda (5.0):
    - pop (~> 1.0)
  - lottie-ios (2.5.3)
  - Mockingjay (3.0.0-alpha.1):
    - Mockingjay/Core (= 3.0.0-alpha.1)
    - Mockingjay/XCTest (= 3.0.0-alpha.1)
  - Mockingjay/Core (3.0.0-alpha.1):
    - URITemplate (~> 3.0)
  - Mockingjay/XCTest (3.0.0-alpha.1):
    - Mockingjay/Core
  - nanopb (1.30905.0):
    - nanopb/decode (= 1.30905.0)
    - nanopb/encode (= 1.30905.0)
  - nanopb/decode (1.30905.0)
  - nanopb/encode (1.30905.0)
  - Nimble (8.1.1)
  - Nuke (9.1.1)
  - Pageboy (3.5.1)
  - pop (1.0.12)
  - Presentr (1.9)
  - PromiseKit (6.13.1):
    - PromiseKit/CorePromise (= 6.13.1)
    - PromiseKit/Foundation (= 6.13.1)
    - PromiseKit/UIKit (= 6.13.1)
  - PromiseKit/CorePromise (6.13.1)
  - PromiseKit/Foundation (6.13.1):
    - PromiseKit/CorePromise
  - PromiseKit/UIKit (6.13.1):
    - PromiseKit/CorePromise
  - PromisesObjC (1.2.10)
  - Protobuf (3.12.0)
  - Quick (3.0.0)
  - Reveal-SDK (26)
  - SDWebImage (5.8.4):
    - SDWebImage/Core (= 5.8.4)
  - SDWebImage/Core (5.8.4)
  - SnapKit (5.0.1)
  - STRegex (2.1.1)
  - SVGKit (2.1.0):
    - CocoaLumberjack (~> 3.0)
  - SVProgressHUD (2.2.5)
  - SwiftDate (6.1.0)
  - SwiftLint (0.40.0)
  - SwiftyGif (5.3.0)
  - SwiftyJSON (5.0.0)
  - Tabman (2.8.0):
    - Pageboy (~> 3.5.0)
  - TSMessages (0.9.13):
    - HexColors (~> 2.3.0)
  - TTTAttributedLabel (2.0.0)
  - TUSafariActivity (1.0.4)
  - URITemplate (3.0.0)
  - VK-ios-sdk (1.5.1)
  - YandexMobileMetrica/Dynamic (3.11.1):
    - YandexMobileMetrica/Dynamic/Core (= 3.11.1)
    - YandexMobileMetrica/Dynamic/Crashes (= 3.11.1)
  - YandexMobileMetrica/Dynamic/Core (3.11.1)
  - YandexMobileMetrica/Dynamic/Crashes (3.11.1):
    - YandexMobileMetrica/Dynamic/Core

DEPENDENCIES:
  - ActionSheetPicker-3.0 (= 2.4.0)
  - Agrume (= 5.6.8)
  - Alamofire (= 5.2.2)
  - Amplitude-iOS (= 4.9.3)
  - Atributika (= 4.9.9)
  - BEMCheckBox (= 1.4.1)
  - Branch (= 0.31.0)
  - Charts (= 3.4.0)
  - CRToast (= 0.0.9)
  - DeviceKit (= 3.2.0)
  - DownloadButton (= 0.1.0)
  - EasyTipView (= 2.0.4)
  - FBSDKCoreKit (= 7.1.0)
  - FBSDKLoginKit (= 7.1.0)
  - Firebase/Analytics (= 6.30.0)
  - Firebase/Core (= 6.30.0)
  - Firebase/Crashlytics (= 6.30.0)
  - Firebase/Messaging (= 6.30.0)
  - Firebase/RemoteConfig (= 6.30.0)
  - GoogleSignIn (= 5.0.2)
  - Highlightr (= 2.1.0)
  - IQKeyboardManagerSwift (= 6.5.4)
  - Kanna (= 5.2.2)
  - Koloda (= 5.0)
  - lottie-ios (= 2.5.3)
  - Mockingjay (= 3.0.0-alpha.1)
  - Nimble (= 8.1.1)
  - Nuke (= 9.1.1)
  - Presentr (= 1.9)
  - PromiseKit (= 6.13.1)
  - Quick (= 3.0.0)
  - Reveal-SDK
  - SDWebImage (= 5.8.4)
  - SnapKit (= 5.0.1)
  - STRegex (= 2.1.1)
  - SVGKit (from `https://github.com/SVGKit/SVGKit.git`, branch `2.x`)
  - SVProgressHUD (= 2.2.5)
  - SwiftDate (= 6.1.0)
  - SwiftLint (= 0.40.0)
  - SwiftyJSON (= 5.0.0)
  - Tabman (= 2.8.0)
  - TSMessages (from `https://github.com/KrauseFx/TSMessages.git`)
  - TTTAttributedLabel (= 2.0.0)
  - TUSafariActivity (= 1.0.4)
  - VK-ios-sdk (= 1.5.1)
  - YandexMobileMetrica/Dynamic (= 3.11.1)

SPEC REPOS:
  https://github.com/CocoaPods/Specs.git:
    - ActionSheetPicker-3.0
    - Agrume
    - Alamofire
    - Amplitude-iOS
    - AppAuth
    - Atributika
    - BEMCheckBox
    - Branch
    - Charts
    - CocoaLumberjack
    - CRToast
    - DeviceKit
    - DownloadButton
    - EasyTipView
    - FBSDKCoreKit
    - FBSDKLoginKit
    - Firebase
    - FirebaseABTesting
    - FirebaseAnalytics
    - FirebaseCore
    - FirebaseCoreDiagnostics
    - FirebaseCrashlytics
    - FirebaseInstallations
    - FirebaseInstanceID
    - FirebaseMessaging
    - FirebaseRemoteConfig
    - GoogleAppMeasurement
    - GoogleDataTransport
    - GoogleSignIn
    - GoogleUtilities
    - GTMAppAuth
    - GTMSessionFetcher
    - HexColors
    - Highlightr
    - IQKeyboardManagerSwift
    - Kanna
    - Koloda
    - lottie-ios
    - Mockingjay
    - nanopb
    - Nimble
    - Nuke
    - Pageboy
    - pop
    - Presentr
    - PromiseKit
    - PromisesObjC
    - Protobuf
    - Quick
    - Reveal-SDK
    - SDWebImage
    - SnapKit
    - STRegex
    - SVProgressHUD
    - SwiftDate
    - SwiftLint
    - SwiftyGif
    - SwiftyJSON
    - Tabman
    - TTTAttributedLabel
    - TUSafariActivity
    - URITemplate
    - VK-ios-sdk
    - YandexMobileMetrica

EXTERNAL SOURCES:
  SVGKit:
    :branch: 2.x
    :git: https://github.com/SVGKit/SVGKit.git
  TSMessages:
    :git: https://github.com/KrauseFx/TSMessages.git

CHECKOUT OPTIONS:
  SVGKit:
    :commit: c40671b9a264f8f71831c4e0452736debfae2164
    :git: https://github.com/SVGKit/SVGKit.git
  TSMessages:
    :commit: e4802d290362c87ba8a35c1afae88668dba8ab9a
    :git: https://github.com/KrauseFx/TSMessages.git

SPEC CHECKSUMS:
  ActionSheetPicker-3.0: c68e1f8355828b4e1c823fa87185aacfef5e6fe3
  Agrume: 53c2be9b06caef4b4996a2886a56b9e901bcc6c0
  Alamofire: 814429acc853c6c54ff123fc3d2ef66803823ce0
  Amplitude-iOS: 122e026c44db8460e5efcf84859aa290a0ae9786
  AppAuth: 31bcec809a638d7bd2f86ea8a52bd45f6e81e7c7
  Atributika: 1389b58ecf923217f66be693ae25f94a4f7ba077
  BEMCheckBox: 5ba6e37ade3d3657b36caecc35c8b75c6c2b1a4e
  Branch: d2e1611afa9ea9aa36fa1996df7f38ca2c3eb03e
  Charts: 74c9f256eaf0460c0c416522d1cf8c634ea6b286
  CocoaLumberjack: b17ae15142558d08bbacf69775fa10c4abbebcc9
  CRToast: 5a78c22b921c5ed3487488af605bc403a9c92fed
  DeviceKit: d081659419cce07c0b5239dbc9fb39ed7413c7fe
  DownloadButton: 49a21a89e0d7d1b42d9134f79aaa40e727cd57c3
  EasyTipView: 4f8beae0a82db2ca4a9b5fd658785fc5f61d296b
  FBSDKCoreKit: 78929d105d244f8fddfe03c44afc55d97ec12e9f
  FBSDKLoginKit: 5536004bb84805391e7d089508386c3dba02128d
  Firebase: 210f41ca352067d83b1ba4fd2e7fb49a0c017397
  FirebaseABTesting: 8a9d8df3acc2b43f4a22014ddf9f601bca6af699
  FirebaseAnalytics: a299a86ef70fcc6aa011418bc65a7e101fb9636c
  FirebaseCore: 9a41e2de78fef10f63cee30ab10e2945266bc1fc
  FirebaseCoreDiagnostics: 7535fe695737f8c5b350584292a70b7f8ff0357b
  FirebaseCrashlytics: 859918905322e8816d2b5ab7fe54bf5a0c84d21c
  FirebaseInstallations: 45f9d44d3a8d6f780fa337ee8987dad87210fcbc
  FirebaseInstanceID: c4ad474b87787afd27d09541800620993b457d6f
  FirebaseMessaging: 942cfe05b4f53c95ab8959395ca35c200398b2f0
  FirebaseRemoteConfig: e40f9e084658210c4d9c341cfa9f6cab6ad4f67e
  GoogleAppMeasurement: 3def7652b1f5b5a576178dc332e2a36a260fbef6
  GoogleDataTransport: 672fb0ce96fe7f7f31d43672fca62ad2c9c86f7b
  GoogleSignIn: 7137d297ddc022a7e0aa4619c86d72c909fa7213
  GoogleUtilities: 7f2f5a07f888cdb145101d6042bc4422f57e70b3
  GTMAppAuth: 4deac854479704f348309e7b66189e604cf5e01e
  GTMSessionFetcher: 6f5c8abbab8a9bce4bb3f057e317728ec6182b10
  HexColors: 6ad3947c3447a055a3aa8efa859def096351fe5f
  Highlightr: 595f3e100737c8de41113385da8bd0b5b65212c6
  IQKeyboardManagerSwift: 2dde0fc70110e8eac7ccce2a46fdbec6a850b414
  Kanna: 2c4eddaaa4bfb9a1ed19e53c0b3d42ef02838046
  Koloda: 75302d21882cc3e274c1561b1155805ea5919dab
  lottie-ios: a50d5c0160425cd4b01b852bb9578963e6d92d31
  Mockingjay: 0f7c5aa49c7f1b95621cee3c79b557141f5a225c
  nanopb: c43f40fadfe79e8b8db116583945847910cbabc9
  Nimble: 5f8a2fb6fa343a7242dfdd9d42f7267419d464b2
  Nuke: af4301b154d3afd8a3b045a5194a9a773a00b7a8
  Pageboy: 288353d4cc848c24deec2f7542f325089247c136
  pop: d582054913807fd11fd50bfe6a539d91c7e1a55a
  Presentr: 7078d7eb5d1661ebeaae60c9e42a1e534de1b993
  PromiseKit: 28fda91c973cc377875d8c0ea4f973013c05b6db
  PromisesObjC: b14b1c6b68e306650688599de8a45e49fae81151
  Protobuf: 2793fcd0622a00b546c60e7cbbcc493e043e9bb9
  Quick: 6d9559f40647bc4d510103842ef2fdd882d753e2
  Reveal-SDK: 5f94f14aff3d5f2a49f246edcd266fa4472679e9
  SDWebImage: cf6922231e95550934da2ada0f20f2becf2ceba9
  SnapKit: 97b92857e3df3a0c71833cce143274bf6ef8e5eb
  STRegex: d49e88d0fe58538d3175fdd989bc1243b9be2a07
  SVGKit: 8a2fc74258bdb2abb54d3b65f3dd68b0277a9c4d
  SVProgressHUD: 1428aafac632c1f86f62aa4243ec12008d7a51d6
  SwiftDate: fa2bb3962056bb44047b4b85a30044e5eae30b03
  SwiftLint: 4154893c73a4c52d6240195507eb7a3e3c64087e
  SwiftyGif: e466e86c660d343357ab944a819a101c4127cb40
  SwiftyJSON: 36413e04c44ee145039d332b4f4e2d3e8d6c4db7
  Tabman: f62ad94ee54a7d96e3fbab34f677d9ea4d38ece6
  TSMessages: eb3cf27b6900684a21bad4fe9ea426e287b8c839
  TTTAttributedLabel: 8cffe8e127e4e82ff3af1e5386d4cd0ad000b656
  TUSafariActivity: afc55a00965377939107ce4fdc7f951f62454546
  URITemplate: 58e0d47f967006c5d59888af5356c4a8ed3b197d
  VK-ios-sdk: 62a10b6571fbcda0657f455fedce7fedf55b4cd0
  YandexMobileMetrica: e985e1f77e405390a2d13f11741d86ff2f00c4ce

PODFILE CHECKSUM: 8e43169839f38c88c471d0dd762674132ef78420

COCOAPODS: 1.9.3
