// !$*UTF8*$!
{
	archiveVersion = 1;
	classes = {
	};
	objectVersion = 46;
	objects = {

/* Begin PBXBuildFile section */
		080ACF501BD79D5500329F2B /* ImageConstants.swift in Sources */ = {isa = PBXBuildFile; fileRef = 080ACF4F1BD79D5500329F2B /* ImageConstants.swift */; };
		080ACF601BD7DE2A00329F2B /* TCBlobDownload.swift in Sources */ = {isa = PBXBuildFile; fileRef = 080ACF5E1BD7DE2A00329F2B /* TCBlobDownload.swift */; };
		080ACF611BD7DE2A00329F2B /* TCBlobDownloadManager.swift in Sources */ = {isa = PBXBuildFile; fileRef = 080ACF5F1BD7DE2A00329F2B /* TCBlobDownloadManager.swift */; };
		080C9A2C1BAC88E2001BE326 /* UICustomizer.swift in Sources */ = {isa = PBXBuildFile; fileRef = 080C9A2B1BAC88E2001BE326 /* UICustomizer.swift */; };
		080F31DD1BA7162C00F356A0 /* StepicToken.swift in Sources */ = {isa = PBXBuildFile; fileRef = 080F31DC1BA7162C00F356A0 /* StepicToken.swift */; };
		080F31DF1BA71CE900F356A0 /* SignInViewController.swift in Sources */ = {isa = PBXBuildFile; fileRef = 080F31DE1BA71CE900F356A0 /* SignInViewController.swift */; };
		080F74611BD8159F0064AAEA /* TabsInfo.swift in Sources */ = {isa = PBXBuildFile; fileRef = 080F74601BD8159F0064AAEA /* TabsInfo.swift */; };
		080F74641BD9213D0064AAEA /* VideosInfo.swift in Sources */ = {isa = PBXBuildFile; fileRef = 080F74631BD9213D0064AAEA /* VideosInfo.swift */; };
		080F74661BD924B80064AAEA /* VideoQualityTableViewController.swift in Sources */ = {isa = PBXBuildFile; fileRef = 080F74651BD924B80064AAEA /* VideoQualityTableViewController.swift */; };
		080F74681BD928F30064AAEA /* VideoQuality.swift in Sources */ = {isa = PBXBuildFile; fileRef = 080F74671BD928F30064AAEA /* VideoQuality.swift */; };
		081B7E2A1BAC208200554153 /* StandardsExtensions.swift in Sources */ = {isa = PBXBuildFile; fileRef = 081B7E291BAC208200554153 /* StandardsExtensions.swift */; };
		081BE8A41BB49735008CA213 /* UserPreferencesTableViewController.swift in Sources */ = {isa = PBXBuildFile; fileRef = 081BE8A31BB49735008CA213 /* UserPreferencesTableViewController.swift */; };
		0824289C1BB0104700C98185 /* Alamofire-SwiftyJSON.swift in Sources */ = {isa = PBXBuildFile; fileRef = 0824289B1BB0104700C98185 /* Alamofire-SwiftyJSON.swift */; };
		0828FF6E1BC5D177000AFEA7 /* Section+CoreDataProperties.swift in Sources */ = {isa = PBXBuildFile; fileRef = 0828FF6C1BC5D177000AFEA7 /* Section+CoreDataProperties.swift */; };
		0828FF6F1BC5D177000AFEA7 /* Section.swift in Sources */ = {isa = PBXBuildFile; fileRef = 0828FF6D1BC5D177000AFEA7 /* Section.swift */; };
		0828FF761BC5E6B0000AFEA7 /* SectionTableViewCell.swift in Sources */ = {isa = PBXBuildFile; fileRef = 0828FF741BC5E6B0000AFEA7 /* SectionTableViewCell.swift */; };
		0828FF771BC5E6B0000AFEA7 /* SectionTableViewCell.xib in Resources */ = {isa = PBXBuildFile; fileRef = 0828FF751BC5E6B0000AFEA7 /* SectionTableViewCell.xib */; };
		0828FF791BC5E744000AFEA7 /* SectionsViewController.swift in Sources */ = {isa = PBXBuildFile; fileRef = 0828FF781BC5E744000AFEA7 /* SectionsViewController.swift */; };
		0828FF7C1BC7F9D7000AFEA7 /* Unit+CoreDataProperties.swift in Sources */ = {isa = PBXBuildFile; fileRef = 0828FF7A1BC7F9D6000AFEA7 /* Unit+CoreDataProperties.swift */; };
		0828FF7D1BC7F9D7000AFEA7 /* Unit.swift in Sources */ = {isa = PBXBuildFile; fileRef = 0828FF7B1BC7F9D6000AFEA7 /* Unit.swift */; };
		0828FF801BC7FD24000AFEA7 /* Lesson+CoreDataProperties.swift in Sources */ = {isa = PBXBuildFile; fileRef = 0828FF7E1BC7FD24000AFEA7 /* Lesson+CoreDataProperties.swift */; };
		0828FF811BC7FD24000AFEA7 /* Lesson.swift in Sources */ = {isa = PBXBuildFile; fileRef = 0828FF7F1BC7FD24000AFEA7 /* Lesson.swift */; };
		0828FF831BC800C0000AFEA7 /* JSONInitializable.swift in Sources */ = {isa = PBXBuildFile; fileRef = 0828FF821BC800C0000AFEA7 /* JSONInitializable.swift */; };
		0828FF861BC81EEC000AFEA7 /* UnitsViewController.swift in Sources */ = {isa = PBXBuildFile; fileRef = 0828FF851BC81EEC000AFEA7 /* UnitsViewController.swift */; };
		0828FF8C1BC81F41000AFEA7 /* UnitTableViewCell.swift in Sources */ = {isa = PBXBuildFile; fileRef = 0828FF8A1BC81F41000AFEA7 /* UnitTableViewCell.swift */; };
		0828FF8D1BC81F41000AFEA7 /* UnitTableViewCell.xib in Resources */ = {isa = PBXBuildFile; fileRef = 0828FF8B1BC81F41000AFEA7 /* UnitTableViewCell.xib */; };
		083AABE81BE8D63D005E1E96 /* Progress+CoreDataProperties.swift in Sources */ = {isa = PBXBuildFile; fileRef = 083AABE61BE8D63C005E1E96 /* Progress+CoreDataProperties.swift */; };
		083AABE91BE8D63D005E1E96 /* Progress.swift in Sources */ = {isa = PBXBuildFile; fileRef = 083AABE71BE8D63C005E1E96 /* Progress.swift */; };
		084156931BCBFFBD006B8C73 /* Block+CoreDataProperties.swift in Sources */ = {isa = PBXBuildFile; fileRef = 0841568F1BCBFFBD006B8C73 /* Block+CoreDataProperties.swift */; };
		084156941BCBFFBD006B8C73 /* Block.swift in Sources */ = {isa = PBXBuildFile; fileRef = 084156901BCBFFBD006B8C73 /* Block.swift */; };
		084156951BCBFFBD006B8C73 /* Step+CoreDataProperties.swift in Sources */ = {isa = PBXBuildFile; fileRef = 084156911BCBFFBD006B8C73 /* Step+CoreDataProperties.swift */; };
		084156961BCBFFBD006B8C73 /* Step.swift in Sources */ = {isa = PBXBuildFile; fileRef = 084156921BCBFFBD006B8C73 /* Step.swift */; };
		0841569B1BCC0910006B8C73 /* RGPageViewController.swift in Sources */ = {isa = PBXBuildFile; fileRef = 0841569A1BCC0910006B8C73 /* RGPageViewController.swift */; };
		0841569D1BCC09F2006B8C73 /* StepsViewController.swift in Sources */ = {isa = PBXBuildFile; fileRef = 0841569C1BCC09F2006B8C73 /* StepsViewController.swift */; };
		0841569F1BCC0B31006B8C73 /* StepContentViewController.swift in Sources */ = {isa = PBXBuildFile; fileRef = 0841569E1BCC0B31006B8C73 /* StepContentViewController.swift */; };
		0857AA211BECDA640044B505 /* VideoDownload.swift in Sources */ = {isa = PBXBuildFile; fileRef = 0857AA201BECDA640044B505 /* VideoDownload.swift */; };
		08687BAE1BACB43700F5BDE1 /* RefreshTableViewCell.swift in Sources */ = {isa = PBXBuildFile; fileRef = 08687BAC1BACB43700F5BDE1 /* RefreshTableViewCell.swift */; };
		08687BAF1BACB43700F5BDE1 /* RefreshTableViewCell.xib in Resources */ = {isa = PBXBuildFile; fileRef = 08687BAD1BACB43700F5BDE1 /* RefreshTableViewCell.xib */; };
		087387D81BB9A4BD003CFAD1 /* CoreDataHelper.swift in Sources */ = {isa = PBXBuildFile; fileRef = 087387D71BB9A4BD003CFAD1 /* CoreDataHelper.swift */; };
		087387DA1BB9B768003CFAD1 /* ErrorEnums.swift in Sources */ = {isa = PBXBuildFile; fileRef = 087387D91BB9B768003CFAD1 /* ErrorEnums.swift */; };
		0885F8471BA833C600F2A188 /* CourseTableViewCell.swift in Sources */ = {isa = PBXBuildFile; fileRef = 0885F8451BA833C600F2A188 /* CourseTableViewCell.swift */; };
		0885F8481BA833C600F2A188 /* CourseTableViewCell.xib in Resources */ = {isa = PBXBuildFile; fileRef = 0885F8461BA833C600F2A188 /* CourseTableViewCell.xib */; };
		0885F84E1BA837E200F2A188 /* ApiDataDownloader.swift in Sources */ = {isa = PBXBuildFile; fileRef = 0885F84D1BA837E200F2A188 /* ApiDataDownloader.swift */; };
		0885F8521BA9D64400F2A188 /* Constants.swift in Sources */ = {isa = PBXBuildFile; fileRef = 0885F8511BA9D64300F2A188 /* Constants.swift */; };
		0885F8541BA9DB5C00F2A188 /* Meta.swift in Sources */ = {isa = PBXBuildFile; fileRef = 0885F8531BA9DB5C00F2A188 /* Meta.swift */; };
		0885F8561BA9F18900F2A188 /* Parser.swift in Sources */ = {isa = PBXBuildFile; fileRef = 0885F8551BA9F18900F2A188 /* Parser.swift */; };
		0885F8581BAAD43300F2A188 /* StepicAPI.swift in Sources */ = {isa = PBXBuildFile; fileRef = 0885F8571BAAD43300F2A188 /* StepicAPI.swift */; };
		0885F85A1BAAD9AC00F2A188 /* FindCoursesViewController.swift in Sources */ = {isa = PBXBuildFile; fileRef = 0885F8591BAAD9AC00F2A188 /* FindCoursesViewController.swift */; };
		089142481BCEE4EF0000BCB0 /* Video+CoreDataProperties.swift in Sources */ = {isa = PBXBuildFile; fileRef = 089142441BCEE4EE0000BCB0 /* Video+CoreDataProperties.swift */; };
		089142491BCEE4EF0000BCB0 /* Video.swift in Sources */ = {isa = PBXBuildFile; fileRef = 089142451BCEE4EE0000BCB0 /* Video.swift */; };
		0891424A1BCEE4EF0000BCB0 /* VideoURL+CoreDataProperties.swift in Sources */ = {isa = PBXBuildFile; fileRef = 089142461BCEE4EE0000BCB0 /* VideoURL+CoreDataProperties.swift */; };
		0891424B1BCEE4EF0000BCB0 /* VideoURL.swift in Sources */ = {isa = PBXBuildFile; fileRef = 089142471BCEE4EE0000BCB0 /* VideoURL.swift */; };
		0891424E1BCEED8E0000BCB0 /* VideoStepViewController.swift in Sources */ = {isa = PBXBuildFile; fileRef = 0891424D1BCEED8E0000BCB0 /* VideoStepViewController.swift */; };
		089142501BCFFB7F0000BCB0 /* WebStepViewController.swift in Sources */ = {isa = PBXBuildFile; fileRef = 0891424F1BCFFB7F0000BCB0 /* WebStepViewController.swift */; };
		089A0DA71BE9FFCE004AF4EB /* UIViewExtensions.swift in Sources */ = {isa = PBXBuildFile; fileRef = 089A0DA61BE9FFCE004AF4EB /* UIViewExtensions.swift */; };
		08A1256F1BDE8E460066B2B2 /* Sorter.swift in Sources */ = {isa = PBXBuildFile; fileRef = 08A1256E1BDE8E460066B2B2 /* Sorter.swift */; };
		08A125791BDEBCC90066B2B2 /* Localizable.strings in Resources */ = {isa = PBXBuildFile; fileRef = 08A1257B1BDEBCC90066B2B2 /* Localizable.strings */; };
		08A3A9CE1BD5A14D0032C36E /* NSDateExtensions.swift in Sources */ = {isa = PBXBuildFile; fileRef = 08A3A9CD1BD5A14D0032C36E /* NSDateExtensions.swift */; };
		08B5E2981BF4FF5A00B875E6 /* UIImageExtension.swift in Sources */ = {isa = PBXBuildFile; fileRef = 08B5E2971BF4FF5A00B875E6 /* UIImageExtension.swift */; };
		08B5E29A1BF509C900B875E6 /* UIThreadHelper.swift in Sources */ = {isa = PBXBuildFile; fileRef = 08B5E2991BF509C900B875E6 /* UIThreadHelper.swift */; };
		08C0A4341BF1276C0010F049 /* Messages.swift in Sources */ = {isa = PBXBuildFile; fileRef = 08C0A4331BF1276C0010F049 /* Messages.swift */; };
		08C0A4361BF12CDF0010F049 /* CustomMessagesDesign.json in Resources */ = {isa = PBXBuildFile; fileRef = 08C0A4351BF12CDF0010F049 /* CustomMessagesDesign.json */; };
		08CA59D91BBC008A008DC44D /* CoursePreviewViewController.swift in Sources */ = {isa = PBXBuildFile; fileRef = 08CA59D81BBC008A008DC44D /* CoursePreviewViewController.swift */; };
		08CA59DC1BBC00B9008DC44D /* TeacherCollectionViewCell.swift in Sources */ = {isa = PBXBuildFile; fileRef = 08CA59DA1BBC00B9008DC44D /* TeacherCollectionViewCell.swift */; };
		08CA59DD1BBC00B9008DC44D /* TeacherCollectionViewCell.xib in Resources */ = {isa = PBXBuildFile; fileRef = 08CA59DB1BBC00B9008DC44D /* TeacherCollectionViewCell.xib */; };
		08CA59E01BBD2584008DC44D /* IntroVideoTableViewCell.swift in Sources */ = {isa = PBXBuildFile; fileRef = 08CA59DF1BBD2584008DC44D /* IntroVideoTableViewCell.swift */; };
		08CA59E21BBD25B4008DC44D /* GeneralInfoTableViewCell.swift in Sources */ = {isa = PBXBuildFile; fileRef = 08CA59E11BBD25B4008DC44D /* GeneralInfoTableViewCell.swift */; };
		08CA59E41BBD25C4008DC44D /* SummaryTableViewCell.swift in Sources */ = {isa = PBXBuildFile; fileRef = 08CA59E31BBD25C4008DC44D /* SummaryTableViewCell.swift */; };
		08CA59E61BBD25DC008DC44D /* TeachersTableViewCell.swift in Sources */ = {isa = PBXBuildFile; fileRef = 08CA59E51BBD25DC008DC44D /* TeachersTableViewCell.swift */; };
		08CA59E81BBD25F5008DC44D /* DateInfoTableViewCell.swift in Sources */ = {isa = PBXBuildFile; fileRef = 08CA59E71BBD25F5008DC44D /* DateInfoTableViewCell.swift */; };
		08CA59EA1BBD3D55008DC44D /* LabelExtension.swift in Sources */ = {isa = PBXBuildFile; fileRef = 08CA59E91BBD3D55008DC44D /* LabelExtension.swift */; };
		08CA59EC1BBDA0ED008DC44D /* DescriptionTableViewCell.swift in Sources */ = {isa = PBXBuildFile; fileRef = 08CA59EB1BBDA0EC008DC44D /* DescriptionTableViewCell.swift */; };
		08CA59EE1BBFC962008DC44D /* ButtonExtension.swift in Sources */ = {isa = PBXBuildFile; fileRef = 08CA59ED1BBFC962008DC44D /* ButtonExtension.swift */; };
		08CA59F11BBFD65E008DC44D /* User+CoreDataProperties.swift in Sources */ = {isa = PBXBuildFile; fileRef = 08CA59EF1BBFD65E008DC44D /* User+CoreDataProperties.swift */; };
		08CA59F21BBFD65E008DC44D /* User.swift in Sources */ = {isa = PBXBuildFile; fileRef = 08CA59F01BBFD65E008DC44D /* User.swift */; };
		08CA59F41BC020E3008DC44D /* UIImageViewExtension.swift in Sources */ = {isa = PBXBuildFile; fileRef = 08CA59F31BC020E2008DC44D /* UIImageViewExtension.swift */; };
		08D1EF701BB5618700BE84E6 /* Model.xcdatamodeld in Sources */ = {isa = PBXBuildFile; fileRef = 08D1EF6E1BB5618700BE84E6 /* Model.xcdatamodeld */; };
		08D1EF731BB5636700BE84E6 /* Course+CoreDataProperties.swift in Sources */ = {isa = PBXBuildFile; fileRef = 08D1EF711BB5636700BE84E6 /* Course+CoreDataProperties.swift */; };
		08D1EF741BB5636700BE84E6 /* Course.swift in Sources */ = {isa = PBXBuildFile; fileRef = 08D1EF721BB5636700BE84E6 /* Course.swift */; };
		08DE94171B8C58AC00D278AB /* AppDelegate.swift in Sources */ = {isa = PBXBuildFile; fileRef = 08DE94161B8C58AC00D278AB /* AppDelegate.swift */; };
		08DE94191B8C58AC00D278AB /* ViewController.swift in Sources */ = {isa = PBXBuildFile; fileRef = 08DE94181B8C58AC00D278AB /* ViewController.swift */; };
		08DE941C1B8C58AC00D278AB /* Main.storyboard in Resources */ = {isa = PBXBuildFile; fileRef = 08DE941A1B8C58AC00D278AB /* Main.storyboard */; };
		08DE941E1B8C58AC00D278AB /* Images.xcassets in Resources */ = {isa = PBXBuildFile; fileRef = 08DE941D1B8C58AC00D278AB /* Images.xcassets */; };
		08DE94211B8C58AC00D278AB /* LaunchScreen.xib in Resources */ = {isa = PBXBuildFile; fileRef = 08DE941F1B8C58AC00D278AB /* LaunchScreen.xib */; };
		08DE942D1B8C58AC00D278AB /* StepicTests.swift in Sources */ = {isa = PBXBuildFile; fileRef = 08DE942C1B8C58AC00D278AB /* StepicTests.swift */; };
		08DE94371B8E3A5300D278AB /* RegistrationViewController.swift in Sources */ = {isa = PBXBuildFile; fileRef = 08DE94361B8E3A5300D278AB /* RegistrationViewController.swift */; };
		08DE94391B8E3FCE00D278AB /* UIColorExtensions.swift in Sources */ = {isa = PBXBuildFile; fileRef = 08DE94381B8E3FCE00D278AB /* UIColorExtensions.swift */; };
		08DF1D8C1BDA77A200BA35EA /* PathManager.swift in Sources */ = {isa = PBXBuildFile; fileRef = 08DF1D8B1BDA77A200BA35EA /* PathManager.swift */; };
		08DF1D921BDAB93900BA35EA /* StringExtensions.swift in Sources */ = {isa = PBXBuildFile; fileRef = 08DF1D911BDAB93900BA35EA /* StringExtensions.swift */; };
		08DF1D941BDADB2D00BA35EA /* Scripts.swift in Sources */ = {isa = PBXBuildFile; fileRef = 08DF1D931BDADB2D00BA35EA /* Scripts.swift */; };
		08DF1D961BDADB7A00BA35EA /* Scripts.plist in Resources */ = {isa = PBXBuildFile; fileRef = 08DF1D951BDADB7A00BA35EA /* Scripts.plist */; };
		08DF1D981BDAE11500BA35EA /* HTMLBuilder.swift in Sources */ = {isa = PBXBuildFile; fileRef = 08DF1D971BDAE11500BA35EA /* HTMLBuilder.swift */; };
		08E16F231BDBA4AF004822E1 /* Reachability.m in Sources */ = {isa = PBXBuildFile; fileRef = 08E16F221BDBA4AF004822E1 /* Reachability.m */; };
		08E16F251BDBA539004822E1 /* SystemConfiguration.framework in Frameworks */ = {isa = PBXBuildFile; fileRef = 08E16F241BDBA539004822E1 /* SystemConfiguration.framework */; };
		08E16F291BDBA731004822E1 /* ConnectionHelper.swift in Sources */ = {isa = PBXBuildFile; fileRef = 08E16F281BDBA731004822E1 /* ConnectionHelper.swift */; };
		08F204951BB16B1F00D080C0 /* MyCoursesViewController.swift in Sources */ = {isa = PBXBuildFile; fileRef = 08F204941BB16B1F00D080C0 /* MyCoursesViewController.swift */; };
		08FCEB641B9ED2AC00FC4F8B /* AuthentificationManager.swift in Sources */ = {isa = PBXBuildFile; fileRef = 08FCEB631B9ED2AC00FC4F8B /* AuthentificationManager.swift */; };
		0A068D6AAC40D4C225A0ECF6 /* Pods.framework in Frameworks */ = {isa = PBXBuildFile; fileRef = 013481E40EB75169773E2F21 /* Pods.framework */; };
/* End PBXBuildFile section */

/* Begin PBXContainerItemProxy section */
		08DE94271B8C58AC00D278AB /* PBXContainerItemProxy */ = {
			isa = PBXContainerItemProxy;
			containerPortal = 08DE94091B8C58AC00D278AB /* Project object */;
			proxyType = 1;
			remoteGlobalIDString = 08DE94101B8C58AC00D278AB;
			remoteInfo = Stepic;
		};
/* End PBXContainerItemProxy section */

/* Begin PBXFileReference section */
		013481E40EB75169773E2F21 /* Pods.framework */ = {isa = PBXFileReference; explicitFileType = wrapper.framework; includeInIndex = 0; path = Pods.framework; sourceTree = BUILT_PRODUCTS_DIR; };
		080ACF4F1BD79D5500329F2B /* ImageConstants.swift */ = {isa = PBXFileReference; fileEncoding = 4; lastKnownFileType = sourcecode.swift; path = ImageConstants.swift; sourceTree = "<group>"; };
		080ACF5E1BD7DE2A00329F2B /* TCBlobDownload.swift */ = {isa = PBXFileReference; fileEncoding = 4; lastKnownFileType = sourcecode.swift; path = TCBlobDownload.swift; sourceTree = "<group>"; };
		080ACF5F1BD7DE2A00329F2B /* TCBlobDownloadManager.swift */ = {isa = PBXFileReference; fileEncoding = 4; lastKnownFileType = sourcecode.swift; path = TCBlobDownloadManager.swift; sourceTree = "<group>"; };
		080C9A2B1BAC88E2001BE326 /* UICustomizer.swift */ = {isa = PBXFileReference; fileEncoding = 4; lastKnownFileType = sourcecode.swift; path = UICustomizer.swift; sourceTree = "<group>"; };
		080F31DC1BA7162C00F356A0 /* StepicToken.swift */ = {isa = PBXFileReference; fileEncoding = 4; lastKnownFileType = sourcecode.swift; path = StepicToken.swift; sourceTree = "<group>"; };
		080F31DE1BA71CE900F356A0 /* SignInViewController.swift */ = {isa = PBXFileReference; fileEncoding = 4; lastKnownFileType = sourcecode.swift; path = SignInViewController.swift; sourceTree = "<group>"; };
		080F74601BD8159F0064AAEA /* TabsInfo.swift */ = {isa = PBXFileReference; fileEncoding = 4; lastKnownFileType = sourcecode.swift; path = TabsInfo.swift; sourceTree = "<group>"; };
		080F74631BD9213D0064AAEA /* VideosInfo.swift */ = {isa = PBXFileReference; fileEncoding = 4; lastKnownFileType = sourcecode.swift; path = VideosInfo.swift; sourceTree = "<group>"; };
		080F74651BD924B80064AAEA /* VideoQualityTableViewController.swift */ = {isa = PBXFileReference; fileEncoding = 4; lastKnownFileType = sourcecode.swift; path = VideoQualityTableViewController.swift; sourceTree = "<group>"; };
		080F74671BD928F30064AAEA /* VideoQuality.swift */ = {isa = PBXFileReference; fileEncoding = 4; lastKnownFileType = sourcecode.swift; path = VideoQuality.swift; sourceTree = "<group>"; };
		081B7E291BAC208200554153 /* StandardsExtensions.swift */ = {isa = PBXFileReference; fileEncoding = 4; lastKnownFileType = sourcecode.swift; path = StandardsExtensions.swift; sourceTree = "<group>"; };
		081BE8A31BB49735008CA213 /* UserPreferencesTableViewController.swift */ = {isa = PBXFileReference; fileEncoding = 4; lastKnownFileType = sourcecode.swift; path = UserPreferencesTableViewController.swift; sourceTree = "<group>"; };
		0824289B1BB0104700C98185 /* Alamofire-SwiftyJSON.swift */ = {isa = PBXFileReference; fileEncoding = 4; lastKnownFileType = sourcecode.swift; path = "Alamofire-SwiftyJSON.swift"; sourceTree = "<group>"; };
		0828FF6C1BC5D177000AFEA7 /* Section+CoreDataProperties.swift */ = {isa = PBXFileReference; fileEncoding = 4; lastKnownFileType = sourcecode.swift; path = "Section+CoreDataProperties.swift"; sourceTree = "<group>"; };
		0828FF6D1BC5D177000AFEA7 /* Section.swift */ = {isa = PBXFileReference; fileEncoding = 4; lastKnownFileType = sourcecode.swift; path = Section.swift; sourceTree = "<group>"; };
		0828FF741BC5E6B0000AFEA7 /* SectionTableViewCell.swift */ = {isa = PBXFileReference; fileEncoding = 4; lastKnownFileType = sourcecode.swift; path = SectionTableViewCell.swift; sourceTree = "<group>"; };
		0828FF751BC5E6B0000AFEA7 /* SectionTableViewCell.xib */ = {isa = PBXFileReference; fileEncoding = 4; lastKnownFileType = file.xib; path = SectionTableViewCell.xib; sourceTree = "<group>"; };
		0828FF781BC5E744000AFEA7 /* SectionsViewController.swift */ = {isa = PBXFileReference; fileEncoding = 4; lastKnownFileType = sourcecode.swift; path = SectionsViewController.swift; sourceTree = "<group>"; };
		0828FF7A1BC7F9D6000AFEA7 /* Unit+CoreDataProperties.swift */ = {isa = PBXFileReference; fileEncoding = 4; lastKnownFileType = sourcecode.swift; path = "Unit+CoreDataProperties.swift"; sourceTree = "<group>"; };
		0828FF7B1BC7F9D6000AFEA7 /* Unit.swift */ = {isa = PBXFileReference; fileEncoding = 4; lastKnownFileType = sourcecode.swift; path = Unit.swift; sourceTree = "<group>"; };
		0828FF7E1BC7FD24000AFEA7 /* Lesson+CoreDataProperties.swift */ = {isa = PBXFileReference; fileEncoding = 4; lastKnownFileType = sourcecode.swift; path = "Lesson+CoreDataProperties.swift"; sourceTree = "<group>"; };
		0828FF7F1BC7FD24000AFEA7 /* Lesson.swift */ = {isa = PBXFileReference; fileEncoding = 4; lastKnownFileType = sourcecode.swift; path = Lesson.swift; sourceTree = "<group>"; };
		0828FF821BC800C0000AFEA7 /* JSONInitializable.swift */ = {isa = PBXFileReference; fileEncoding = 4; lastKnownFileType = sourcecode.swift; path = JSONInitializable.swift; sourceTree = "<group>"; };
		0828FF851BC81EEC000AFEA7 /* UnitsViewController.swift */ = {isa = PBXFileReference; fileEncoding = 4; lastKnownFileType = sourcecode.swift; path = UnitsViewController.swift; sourceTree = "<group>"; };
		0828FF8A1BC81F41000AFEA7 /* UnitTableViewCell.swift */ = {isa = PBXFileReference; fileEncoding = 4; lastKnownFileType = sourcecode.swift; path = UnitTableViewCell.swift; sourceTree = "<group>"; };
		0828FF8B1BC81F41000AFEA7 /* UnitTableViewCell.xib */ = {isa = PBXFileReference; fileEncoding = 4; lastKnownFileType = file.xib; path = UnitTableViewCell.xib; sourceTree = "<group>"; };
		083AABE61BE8D63C005E1E96 /* Progress+CoreDataProperties.swift */ = {isa = PBXFileReference; fileEncoding = 4; lastKnownFileType = sourcecode.swift; path = "Progress+CoreDataProperties.swift"; sourceTree = "<group>"; };
		083AABE71BE8D63C005E1E96 /* Progress.swift */ = {isa = PBXFileReference; fileEncoding = 4; lastKnownFileType = sourcecode.swift; path = Progress.swift; sourceTree = "<group>"; };
		0841568F1BCBFFBD006B8C73 /* Block+CoreDataProperties.swift */ = {isa = PBXFileReference; fileEncoding = 4; lastKnownFileType = sourcecode.swift; path = "Block+CoreDataProperties.swift"; sourceTree = "<group>"; };
		084156901BCBFFBD006B8C73 /* Block.swift */ = {isa = PBXFileReference; fileEncoding = 4; lastKnownFileType = sourcecode.swift; path = Block.swift; sourceTree = "<group>"; };
		084156911BCBFFBD006B8C73 /* Step+CoreDataProperties.swift */ = {isa = PBXFileReference; fileEncoding = 4; lastKnownFileType = sourcecode.swift; path = "Step+CoreDataProperties.swift"; sourceTree = "<group>"; };
		084156921BCBFFBD006B8C73 /* Step.swift */ = {isa = PBXFileReference; fileEncoding = 4; lastKnownFileType = sourcecode.swift; path = Step.swift; sourceTree = "<group>"; };
		0841569A1BCC0910006B8C73 /* RGPageViewController.swift */ = {isa = PBXFileReference; fileEncoding = 4; lastKnownFileType = sourcecode.swift; path = RGPageViewController.swift; sourceTree = "<group>"; };
		0841569C1BCC09F2006B8C73 /* StepsViewController.swift */ = {isa = PBXFileReference; fileEncoding = 4; lastKnownFileType = sourcecode.swift; path = StepsViewController.swift; sourceTree = "<group>"; };
		0841569E1BCC0B31006B8C73 /* StepContentViewController.swift */ = {isa = PBXFileReference; fileEncoding = 4; lastKnownFileType = sourcecode.swift; path = StepContentViewController.swift; sourceTree = "<group>"; };
		0857AA201BECDA640044B505 /* VideoDownload.swift */ = {isa = PBXFileReference; fileEncoding = 4; lastKnownFileType = sourcecode.swift; path = VideoDownload.swift; sourceTree = "<group>"; };
		08687BAC1BACB43700F5BDE1 /* RefreshTableViewCell.swift */ = {isa = PBXFileReference; fileEncoding = 4; lastKnownFileType = sourcecode.swift; path = RefreshTableViewCell.swift; sourceTree = "<group>"; };
		08687BAD1BACB43700F5BDE1 /* RefreshTableViewCell.xib */ = {isa = PBXFileReference; fileEncoding = 4; lastKnownFileType = file.xib; path = RefreshTableViewCell.xib; sourceTree = "<group>"; };
		087387D71BB9A4BD003CFAD1 /* CoreDataHelper.swift */ = {isa = PBXFileReference; fileEncoding = 4; lastKnownFileType = sourcecode.swift; path = CoreDataHelper.swift; sourceTree = "<group>"; };
		087387D91BB9B768003CFAD1 /* ErrorEnums.swift */ = {isa = PBXFileReference; fileEncoding = 4; lastKnownFileType = sourcecode.swift; path = ErrorEnums.swift; sourceTree = "<group>"; };
		0885F8451BA833C600F2A188 /* CourseTableViewCell.swift */ = {isa = PBXFileReference; fileEncoding = 4; lastKnownFileType = sourcecode.swift; path = CourseTableViewCell.swift; sourceTree = "<group>"; };
		0885F8461BA833C600F2A188 /* CourseTableViewCell.xib */ = {isa = PBXFileReference; fileEncoding = 4; lastKnownFileType = file.xib; path = CourseTableViewCell.xib; sourceTree = "<group>"; };
		0885F84D1BA837E200F2A188 /* ApiDataDownloader.swift */ = {isa = PBXFileReference; fileEncoding = 4; lastKnownFileType = sourcecode.swift; path = ApiDataDownloader.swift; sourceTree = "<group>"; };
		0885F8511BA9D64300F2A188 /* Constants.swift */ = {isa = PBXFileReference; fileEncoding = 4; lastKnownFileType = sourcecode.swift; path = Constants.swift; sourceTree = "<group>"; };
		0885F8531BA9DB5C00F2A188 /* Meta.swift */ = {isa = PBXFileReference; fileEncoding = 4; lastKnownFileType = sourcecode.swift; path = Meta.swift; sourceTree = "<group>"; };
		0885F8551BA9F18900F2A188 /* Parser.swift */ = {isa = PBXFileReference; fileEncoding = 4; lastKnownFileType = sourcecode.swift; path = Parser.swift; sourceTree = "<group>"; };
		0885F8571BAAD43300F2A188 /* StepicAPI.swift */ = {isa = PBXFileReference; fileEncoding = 4; lastKnownFileType = sourcecode.swift; path = StepicAPI.swift; sourceTree = "<group>"; };
		0885F8591BAAD9AC00F2A188 /* FindCoursesViewController.swift */ = {isa = PBXFileReference; fileEncoding = 4; lastKnownFileType = sourcecode.swift; path = FindCoursesViewController.swift; sourceTree = "<group>"; };
		089142441BCEE4EE0000BCB0 /* Video+CoreDataProperties.swift */ = {isa = PBXFileReference; fileEncoding = 4; lastKnownFileType = sourcecode.swift; path = "Video+CoreDataProperties.swift"; sourceTree = "<group>"; };
		089142451BCEE4EE0000BCB0 /* Video.swift */ = {isa = PBXFileReference; fileEncoding = 4; lastKnownFileType = sourcecode.swift; path = Video.swift; sourceTree = "<group>"; };
		089142461BCEE4EE0000BCB0 /* VideoURL+CoreDataProperties.swift */ = {isa = PBXFileReference; fileEncoding = 4; lastKnownFileType = sourcecode.swift; path = "VideoURL+CoreDataProperties.swift"; sourceTree = "<group>"; };
		089142471BCEE4EE0000BCB0 /* VideoURL.swift */ = {isa = PBXFileReference; fileEncoding = 4; lastKnownFileType = sourcecode.swift; path = VideoURL.swift; sourceTree = "<group>"; };
		0891424D1BCEED8E0000BCB0 /* VideoStepViewController.swift */ = {isa = PBXFileReference; fileEncoding = 4; lastKnownFileType = sourcecode.swift; path = VideoStepViewController.swift; sourceTree = "<group>"; };
		0891424F1BCFFB7F0000BCB0 /* WebStepViewController.swift */ = {isa = PBXFileReference; fileEncoding = 4; lastKnownFileType = sourcecode.swift; path = WebStepViewController.swift; sourceTree = "<group>"; };
		089A0DA61BE9FFCE004AF4EB /* UIViewExtensions.swift */ = {isa = PBXFileReference; fileEncoding = 4; lastKnownFileType = sourcecode.swift; path = UIViewExtensions.swift; sourceTree = "<group>"; };
		08A1256E1BDE8E460066B2B2 /* Sorter.swift */ = {isa = PBXFileReference; fileEncoding = 4; lastKnownFileType = sourcecode.swift; path = Sorter.swift; sourceTree = "<group>"; };
		08A125781BDEBCBB0066B2B2 /* ru */ = {isa = PBXFileReference; lastKnownFileType = text.plist.strings; name = ru; path = ru.lproj/Main.strings; sourceTree = "<group>"; };
		08A1257A1BDEBCC90066B2B2 /* ru */ = {isa = PBXFileReference; lastKnownFileType = text.plist.strings; name = ru; path = ru.lproj/Localizable.strings; sourceTree = "<group>"; };
		08A1257D1BDEBCD60066B2B2 /* en */ = {isa = PBXFileReference; lastKnownFileType = text.plist.strings; name = en; path = en.lproj/Localizable.strings; sourceTree = "<group>"; };
		08A3A9CD1BD5A14D0032C36E /* NSDateExtensions.swift */ = {isa = PBXFileReference; fileEncoding = 4; lastKnownFileType = sourcecode.swift; path = NSDateExtensions.swift; sourceTree = "<group>"; };
		08B5E2971BF4FF5A00B875E6 /* UIImageExtension.swift */ = {isa = PBXFileReference; fileEncoding = 4; lastKnownFileType = sourcecode.swift; path = UIImageExtension.swift; sourceTree = "<group>"; };
		08B5E2991BF509C900B875E6 /* UIThreadHelper.swift */ = {isa = PBXFileReference; fileEncoding = 4; lastKnownFileType = sourcecode.swift; path = UIThreadHelper.swift; sourceTree = "<group>"; };
		08C0A4331BF1276C0010F049 /* Messages.swift */ = {isa = PBXFileReference; fileEncoding = 4; lastKnownFileType = sourcecode.swift; path = Messages.swift; sourceTree = "<group>"; };
		08C0A4351BF12CDF0010F049 /* CustomMessagesDesign.json */ = {isa = PBXFileReference; fileEncoding = 4; lastKnownFileType = text.json; path = CustomMessagesDesign.json; sourceTree = "<group>"; };
		08CA59D41BBA1628008DC44D /* Stepic-Bridging-Header.h */ = {isa = PBXFileReference; lastKnownFileType = sourcecode.c.h; path = "Stepic-Bridging-Header.h"; sourceTree = "<group>"; };
		08CA59D81BBC008A008DC44D /* CoursePreviewViewController.swift */ = {isa = PBXFileReference; fileEncoding = 4; lastKnownFileType = sourcecode.swift; path = CoursePreviewViewController.swift; sourceTree = "<group>"; };
		08CA59DA1BBC00B9008DC44D /* TeacherCollectionViewCell.swift */ = {isa = PBXFileReference; fileEncoding = 4; lastKnownFileType = sourcecode.swift; path = TeacherCollectionViewCell.swift; sourceTree = "<group>"; };
		08CA59DB1BBC00B9008DC44D /* TeacherCollectionViewCell.xib */ = {isa = PBXFileReference; fileEncoding = 4; lastKnownFileType = file.xib; path = TeacherCollectionViewCell.xib; sourceTree = "<group>"; };
		08CA59DF1BBD2584008DC44D /* IntroVideoTableViewCell.swift */ = {isa = PBXFileReference; fileEncoding = 4; lastKnownFileType = sourcecode.swift; path = IntroVideoTableViewCell.swift; sourceTree = "<group>"; };
		08CA59E11BBD25B4008DC44D /* GeneralInfoTableViewCell.swift */ = {isa = PBXFileReference; fileEncoding = 4; lastKnownFileType = sourcecode.swift; path = GeneralInfoTableViewCell.swift; sourceTree = "<group>"; };
		08CA59E31BBD25C4008DC44D /* SummaryTableViewCell.swift */ = {isa = PBXFileReference; fileEncoding = 4; lastKnownFileType = sourcecode.swift; path = SummaryTableViewCell.swift; sourceTree = "<group>"; };
		08CA59E51BBD25DC008DC44D /* TeachersTableViewCell.swift */ = {isa = PBXFileReference; fileEncoding = 4; lastKnownFileType = sourcecode.swift; path = TeachersTableViewCell.swift; sourceTree = "<group>"; };
		08CA59E71BBD25F5008DC44D /* DateInfoTableViewCell.swift */ = {isa = PBXFileReference; fileEncoding = 4; lastKnownFileType = sourcecode.swift; path = DateInfoTableViewCell.swift; sourceTree = "<group>"; };
		08CA59E91BBD3D55008DC44D /* LabelExtension.swift */ = {isa = PBXFileReference; fileEncoding = 4; lastKnownFileType = sourcecode.swift; path = LabelExtension.swift; sourceTree = "<group>"; };
		08CA59EB1BBDA0EC008DC44D /* DescriptionTableViewCell.swift */ = {isa = PBXFileReference; fileEncoding = 4; lastKnownFileType = sourcecode.swift; path = DescriptionTableViewCell.swift; sourceTree = "<group>"; };
		08CA59ED1BBFC962008DC44D /* ButtonExtension.swift */ = {isa = PBXFileReference; fileEncoding = 4; lastKnownFileType = sourcecode.swift; path = ButtonExtension.swift; sourceTree = "<group>"; };
		08CA59EF1BBFD65E008DC44D /* User+CoreDataProperties.swift */ = {isa = PBXFileReference; fileEncoding = 4; lastKnownFileType = sourcecode.swift; path = "User+CoreDataProperties.swift"; sourceTree = "<group>"; };
		08CA59F01BBFD65E008DC44D /* User.swift */ = {isa = PBXFileReference; fileEncoding = 4; lastKnownFileType = sourcecode.swift; path = User.swift; sourceTree = "<group>"; };
		08CA59F31BC020E2008DC44D /* UIImageViewExtension.swift */ = {isa = PBXFileReference; fileEncoding = 4; lastKnownFileType = sourcecode.swift; path = UIImageViewExtension.swift; sourceTree = "<group>"; };
		08D1EF6F1BB5618700BE84E6 /* Model.xcdatamodel */ = {isa = PBXFileReference; lastKnownFileType = wrapper.xcdatamodel; path = Model.xcdatamodel; sourceTree = "<group>"; };
		08D1EF711BB5636700BE84E6 /* Course+CoreDataProperties.swift */ = {isa = PBXFileReference; fileEncoding = 4; lastKnownFileType = sourcecode.swift; path = "Course+CoreDataProperties.swift"; sourceTree = "<group>"; };
		08D1EF721BB5636700BE84E6 /* Course.swift */ = {isa = PBXFileReference; fileEncoding = 4; lastKnownFileType = sourcecode.swift; path = Course.swift; sourceTree = "<group>"; };
		08DE94111B8C58AC00D278AB /* Stepic.app */ = {isa = PBXFileReference; explicitFileType = wrapper.application; includeInIndex = 0; path = Stepic.app; sourceTree = BUILT_PRODUCTS_DIR; };
		08DE94151B8C58AC00D278AB /* Info.plist */ = {isa = PBXFileReference; lastKnownFileType = text.plist.xml; path = Info.plist; sourceTree = "<group>"; };
		08DE94161B8C58AC00D278AB /* AppDelegate.swift */ = {isa = PBXFileReference; lastKnownFileType = sourcecode.swift; path = AppDelegate.swift; sourceTree = "<group>"; };
		08DE94181B8C58AC00D278AB /* ViewController.swift */ = {isa = PBXFileReference; lastKnownFileType = sourcecode.swift; path = ViewController.swift; sourceTree = "<group>"; };
		08DE941B1B8C58AC00D278AB /* Base */ = {isa = PBXFileReference; lastKnownFileType = file.storyboard; name = Base; path = Base.lproj/Main.storyboard; sourceTree = "<group>"; };
		08DE941D1B8C58AC00D278AB /* Images.xcassets */ = {isa = PBXFileReference; lastKnownFileType = folder.assetcatalog; path = Images.xcassets; sourceTree = "<group>"; };
		08DE94201B8C58AC00D278AB /* Base */ = {isa = PBXFileReference; lastKnownFileType = file.xib; name = Base; path = Base.lproj/LaunchScreen.xib; sourceTree = "<group>"; };
		08DE94261B8C58AC00D278AB /* StepicTests.xctest */ = {isa = PBXFileReference; explicitFileType = wrapper.cfbundle; includeInIndex = 0; path = StepicTests.xctest; sourceTree = BUILT_PRODUCTS_DIR; };
		08DE942B1B8C58AC00D278AB /* Info.plist */ = {isa = PBXFileReference; lastKnownFileType = text.plist.xml; path = Info.plist; sourceTree = "<group>"; };
		08DE942C1B8C58AC00D278AB /* StepicTests.swift */ = {isa = PBXFileReference; lastKnownFileType = sourcecode.swift; path = StepicTests.swift; sourceTree = "<group>"; };
		08DE94361B8E3A5300D278AB /* RegistrationViewController.swift */ = {isa = PBXFileReference; fileEncoding = 4; lastKnownFileType = sourcecode.swift; path = RegistrationViewController.swift; sourceTree = "<group>"; };
		08DE94381B8E3FCE00D278AB /* UIColorExtensions.swift */ = {isa = PBXFileReference; fileEncoding = 4; lastKnownFileType = sourcecode.swift; path = UIColorExtensions.swift; sourceTree = "<group>"; };
		08DF1D8B1BDA77A200BA35EA /* PathManager.swift */ = {isa = PBXFileReference; fileEncoding = 4; lastKnownFileType = sourcecode.swift; path = PathManager.swift; sourceTree = "<group>"; };
		08DF1D911BDAB93900BA35EA /* StringExtensions.swift */ = {isa = PBXFileReference; fileEncoding = 4; lastKnownFileType = sourcecode.swift; path = StringExtensions.swift; sourceTree = "<group>"; };
		08DF1D931BDADB2D00BA35EA /* Scripts.swift */ = {isa = PBXFileReference; fileEncoding = 4; lastKnownFileType = sourcecode.swift; path = Scripts.swift; sourceTree = "<group>"; };
		08DF1D951BDADB7A00BA35EA /* Scripts.plist */ = {isa = PBXFileReference; fileEncoding = 4; lastKnownFileType = text.plist.xml; path = Scripts.plist; sourceTree = "<group>"; };
		08DF1D971BDAE11500BA35EA /* HTMLBuilder.swift */ = {isa = PBXFileReference; fileEncoding = 4; lastKnownFileType = sourcecode.swift; path = HTMLBuilder.swift; sourceTree = "<group>"; };
		08E16F211BDBA4AF004822E1 /* Reachability.h */ = {isa = PBXFileReference; fileEncoding = 4; lastKnownFileType = sourcecode.c.h; path = Reachability.h; sourceTree = "<group>"; };
		08E16F221BDBA4AF004822E1 /* Reachability.m */ = {isa = PBXFileReference; fileEncoding = 4; lastKnownFileType = sourcecode.c.objc; path = Reachability.m; sourceTree = "<group>"; };
		08E16F241BDBA539004822E1 /* SystemConfiguration.framework */ = {isa = PBXFileReference; lastKnownFileType = wrapper.framework; name = SystemConfiguration.framework; path = System/Library/Frameworks/SystemConfiguration.framework; sourceTree = SDKROOT; };
		08E16F281BDBA731004822E1 /* ConnectionHelper.swift */ = {isa = PBXFileReference; fileEncoding = 4; lastKnownFileType = sourcecode.swift; path = ConnectionHelper.swift; sourceTree = "<group>"; };
		08F204941BB16B1F00D080C0 /* MyCoursesViewController.swift */ = {isa = PBXFileReference; fileEncoding = 4; lastKnownFileType = sourcecode.swift; path = MyCoursesViewController.swift; sourceTree = "<group>"; };
		08FCEB631B9ED2AC00FC4F8B /* AuthentificationManager.swift */ = {isa = PBXFileReference; fileEncoding = 4; lastKnownFileType = sourcecode.swift; path = AuthentificationManager.swift; sourceTree = "<group>"; };
		8860CAAA0935A0F996492A1F /* Pods.release.xcconfig */ = {isa = PBXFileReference; includeInIndex = 1; lastKnownFileType = text.xcconfig; name = Pods.release.xcconfig; path = "Pods/Target Support Files/Pods/Pods.release.xcconfig"; sourceTree = "<group>"; };
		FB44B0005272E61AC9AE7E31 /* Pods.debug.xcconfig */ = {isa = PBXFileReference; includeInIndex = 1; lastKnownFileType = text.xcconfig; name = Pods.debug.xcconfig; path = "Pods/Target Support Files/Pods/Pods.debug.xcconfig"; sourceTree = "<group>"; };
/* End PBXFileReference section */

/* Begin PBXFrameworksBuildPhase section */
		08DE940E1B8C58AC00D278AB /* Frameworks */ = {
			isa = PBXFrameworksBuildPhase;
			buildActionMask = 2147483647;
			files = (
				08E16F251BDBA539004822E1 /* SystemConfiguration.framework in Frameworks */,
				0A068D6AAC40D4C225A0ECF6 /* Pods.framework in Frameworks */,
			);
			runOnlyForDeploymentPostprocessing = 0;
		};
		08DE94231B8C58AC00D278AB /* Frameworks */ = {
			isa = PBXFrameworksBuildPhase;
			buildActionMask = 2147483647;
			files = (
			);
			runOnlyForDeploymentPostprocessing = 0;
		};
/* End PBXFrameworksBuildPhase section */

/* Begin PBXGroup section */
		0808A30A1BC84FBB00A95C29 /* Helpers */ = {
			isa = PBXGroup;
			children = (
				080C9A2B1BAC88E2001BE326 /* UICustomizer.swift */,
				087387D71BB9A4BD003CFAD1 /* CoreDataHelper.swift */,
				08E16F281BDBA731004822E1 /* ConnectionHelper.swift */,
				08A1256E1BDE8E460066B2B2 /* Sorter.swift */,
				08C0A4331BF1276C0010F049 /* Messages.swift */,
				08B5E2991BF509C900B875E6 /* UIThreadHelper.swift */,
			);
			name = Helpers;
			sourceTree = "<group>";
		};
		080ACF4E1BD79D4600329F2B /* Constants */ = {
			isa = PBXGroup;
			children = (
				08DF1D931BDADB2D00BA35EA /* Scripts.swift */,
				08DF1D951BDADB7A00BA35EA /* Scripts.plist */,
				0885F8511BA9D64300F2A188 /* Constants.swift */,
				080ACF4F1BD79D5500329F2B /* ImageConstants.swift */,
			);
			name = Constants;
			sourceTree = "<group>";
		};
		080ACF591BD7DCCD00329F2B /* TCBlobDownload */ = {
			isa = PBXGroup;
			children = (
				080ACF5E1BD7DE2A00329F2B /* TCBlobDownload.swift */,
				080ACF5F1BD7DE2A00329F2B /* TCBlobDownloadManager.swift */,
			);
			name = TCBlobDownload;
			sourceTree = "<group>";
		};
		080F74621BD921130064AAEA /* Stepic */ = {
			isa = PBXGroup;
			children = (
				080F31DC1BA7162C00F356A0 /* StepicToken.swift */,
				0885F8571BAAD43300F2A188 /* StepicAPI.swift */,
			);
			name = Stepic;
			sourceTree = "<group>";
		};
		0828FF701BC5D181000AFEA7 /* Entities */ = {
			isa = PBXGroup;
			children = (
				083AABE61BE8D63C005E1E96 /* Progress+CoreDataProperties.swift */,
				083AABE71BE8D63C005E1E96 /* Progress.swift */,
				089142441BCEE4EE0000BCB0 /* Video+CoreDataProperties.swift */,
				089142451BCEE4EE0000BCB0 /* Video.swift */,
				089142461BCEE4EE0000BCB0 /* VideoURL+CoreDataProperties.swift */,
				089142471BCEE4EE0000BCB0 /* VideoURL.swift */,
				0841568F1BCBFFBD006B8C73 /* Block+CoreDataProperties.swift */,
				084156901BCBFFBD006B8C73 /* Block.swift */,
				084156911BCBFFBD006B8C73 /* Step+CoreDataProperties.swift */,
				084156921BCBFFBD006B8C73 /* Step.swift */,
				0828FF7E1BC7FD24000AFEA7 /* Lesson+CoreDataProperties.swift */,
				0828FF7F1BC7FD24000AFEA7 /* Lesson.swift */,
				0828FF7A1BC7F9D6000AFEA7 /* Unit+CoreDataProperties.swift */,
				0828FF7B1BC7F9D6000AFEA7 /* Unit.swift */,
				0828FF6C1BC5D177000AFEA7 /* Section+CoreDataProperties.swift */,
				0828FF6D1BC5D177000AFEA7 /* Section.swift */,
				08D1EF711BB5636700BE84E6 /* Course+CoreDataProperties.swift */,
				08D1EF721BB5636700BE84E6 /* Course.swift */,
				08CA59EF1BBFD65E008DC44D /* User+CoreDataProperties.swift */,
				08CA59F01BBFD65E008DC44D /* User.swift */,
			);
			name = Entities;
			sourceTree = "<group>";
		};
		0828FF731BC5E314000AFEA7 /* Sections */ = {
			isa = PBXGroup;
			children = (
				0828FF781BC5E744000AFEA7 /* SectionsViewController.swift */,
				0828FF741BC5E6B0000AFEA7 /* SectionTableViewCell.swift */,
				0828FF751BC5E6B0000AFEA7 /* SectionTableViewCell.xib */,
			);
			name = Sections;
			sourceTree = "<group>";
		};
		0828FF841BC81EA9000AFEA7 /* Registration & Sign in */ = {
			isa = PBXGroup;
			children = (
				08DE94361B8E3A5300D278AB /* RegistrationViewController.swift */,
				080F31DE1BA71CE900F356A0 /* SignInViewController.swift */,
			);
			name = "Registration & Sign in";
			sourceTree = "<group>";
		};
		0828FF871BC81EF2000AFEA7 /* Units */ = {
			isa = PBXGroup;
			children = (
				0828FF851BC81EEC000AFEA7 /* UnitsViewController.swift */,
				0828FF8A1BC81F41000AFEA7 /* UnitTableViewCell.swift */,
				0828FF8B1BC81F41000AFEA7 /* UnitTableViewCell.xib */,
			);
			name = Units;
			sourceTree = "<group>";
		};
		084156981BCC08F9006B8C73 /* Steps */ = {
			isa = PBXGroup;
			children = (
				0891424C1BCEED6F0000BCB0 /* Step Content Controllers */,
				0841569A1BCC0910006B8C73 /* RGPageViewController.swift */,
				0841569C1BCC09F2006B8C73 /* StepsViewController.swift */,
				0841569E1BCC0B31006B8C73 /* StepContentViewController.swift */,
			);
			name = Steps;
			sourceTree = "<group>";
		};
		08687BAB1BACB41F00F5BDE1 /* Generic */ = {
			isa = PBXGroup;
			children = (
				08687BAC1BACB43700F5BDE1 /* RefreshTableViewCell.swift */,
				08687BAD1BACB43700F5BDE1 /* RefreshTableViewCell.xib */,
			);
			name = Generic;
			sourceTree = "<group>";
		};
		0885F8491BA8374000F2A188 /* Model */ = {
			isa = PBXGroup;
			children = (
				08D1EF6E1BB5618700BE84E6 /* Model.xcdatamodeld */,
				0828FF701BC5D181000AFEA7 /* Entities */,
				0885F8551BA9F18900F2A188 /* Parser.swift */,
				080F74621BD921130064AAEA /* Stepic */,
				0885F84B1BA8376D00F2A188 /* Network */,
				0828FF821BC800C0000AFEA7 /* JSONInitializable.swift */,
				080F74601BD8159F0064AAEA /* TabsInfo.swift */,
				080F74631BD9213D0064AAEA /* VideosInfo.swift */,
				080F74671BD928F30064AAEA /* VideoQuality.swift */,
				08DF1D8B1BDA77A200BA35EA /* PathManager.swift */,
				08DF1D971BDAE11500BA35EA /* HTMLBuilder.swift */,
				0857AA201BECDA640044B505 /* VideoDownload.swift */,
			);
			name = Model;
			sourceTree = "<group>";
		};
		0885F84A1BA8375C00F2A188 /* Controllers */ = {
			isa = PBXGroup;
			children = (
				084156981BCC08F9006B8C73 /* Steps */,
				08CA59D71BBC0067008DC44D /* Course preview */,
				08B361061BB2E3C100090843 /* User Preferences */,
				08687BAB1BACB41F00F5BDE1 /* Generic */,
				0828FF841BC81EA9000AFEA7 /* Registration & Sign in */,
				0885F84C1BA8378B00F2A188 /* Courses */,
				0828FF731BC5E314000AFEA7 /* Sections */,
				0828FF871BC81EF2000AFEA7 /* Units */,
			);
			name = Controllers;
			sourceTree = "<group>";
		};
		0885F84B1BA8376D00F2A188 /* Network */ = {
			isa = PBXGroup;
			children = (
				08FCEB631B9ED2AC00FC4F8B /* AuthentificationManager.swift */,
				0885F84D1BA837E200F2A188 /* ApiDataDownloader.swift */,
				0885F8531BA9DB5C00F2A188 /* Meta.swift */,
			);
			name = Network;
			sourceTree = "<group>";
		};
		0885F84C1BA8378B00F2A188 /* Courses */ = {
			isa = PBXGroup;
			children = (
				0885F8451BA833C600F2A188 /* CourseTableViewCell.swift */,
				0885F8461BA833C600F2A188 /* CourseTableViewCell.xib */,
				0885F8591BAAD9AC00F2A188 /* FindCoursesViewController.swift */,
				08F204941BB16B1F00D080C0 /* MyCoursesViewController.swift */,
			);
			name = Courses;
			sourceTree = "<group>";
		};
		0891424C1BCEED6F0000BCB0 /* Step Content Controllers */ = {
			isa = PBXGroup;
			children = (
				0891424D1BCEED8E0000BCB0 /* VideoStepViewController.swift */,
				0891424F1BCFFB7F0000BCB0 /* WebStepViewController.swift */,
			);
			name = "Step Content Controllers";
			sourceTree = "<group>";
		};
		08B361061BB2E3C100090843 /* User Preferences */ = {
			isa = PBXGroup;
			children = (
				081BE8A31BB49735008CA213 /* UserPreferencesTableViewController.swift */,
				080F74651BD924B80064AAEA /* VideoQualityTableViewController.swift */,
			);
			name = "User Preferences";
			sourceTree = "<group>";
		};
		08CA59D71BBC0067008DC44D /* Course preview */ = {
			isa = PBXGroup;
			children = (
				08CA59DE1BBD2563008DC44D /* Cell classes */,
				08CA59D81BBC008A008DC44D /* CoursePreviewViewController.swift */,
				08CA59DA1BBC00B9008DC44D /* TeacherCollectionViewCell.swift */,
				08CA59DB1BBC00B9008DC44D /* TeacherCollectionViewCell.xib */,
			);
			name = "Course preview";
			sourceTree = "<group>";
		};
		08CA59DE1BBD2563008DC44D /* Cell classes */ = {
			isa = PBXGroup;
			children = (
				08CA59DF1BBD2584008DC44D /* IntroVideoTableViewCell.swift */,
				08CA59E11BBD25B4008DC44D /* GeneralInfoTableViewCell.swift */,
				08CA59E31BBD25C4008DC44D /* SummaryTableViewCell.swift */,
				08CA59E51BBD25DC008DC44D /* TeachersTableViewCell.swift */,
				08CA59E71BBD25F5008DC44D /* DateInfoTableViewCell.swift */,
				08CA59EB1BBDA0EC008DC44D /* DescriptionTableViewCell.swift */,
			);
			name = "Cell classes";
			sourceTree = "<group>";
		};
		08DE94081B8C58AC00D278AB = {
			isa = PBXGroup;
			children = (
				08DE94131B8C58AC00D278AB /* Stepic */,
				08DE94291B8C58AC00D278AB /* StepicTests */,
				08DE94121B8C58AC00D278AB /* Products */,
				E270F1F62B9C580DD3F2548F /* Pods */,
				1BAD14BA674336E6C1C0716C /* Frameworks */,
			);
			sourceTree = "<group>";
		};
		08DE94121B8C58AC00D278AB /* Products */ = {
			isa = PBXGroup;
			children = (
				08DE94111B8C58AC00D278AB /* Stepic.app */,
				08DE94261B8C58AC00D278AB /* StepicTests.xctest */,
			);
			name = Products;
			sourceTree = "<group>";
		};
		08DE94131B8C58AC00D278AB /* Stepic */ = {
			isa = PBXGroup;
			children = (
				0885F84A1BA8375C00F2A188 /* Controllers */,
				0885F8491BA8374000F2A188 /* Model */,
				0808A30A1BC84FBB00A95C29 /* Helpers */,
				08DE94161B8C58AC00D278AB /* AppDelegate.swift */,
				08DE94181B8C58AC00D278AB /* ViewController.swift */,
				08DE941A1B8C58AC00D278AB /* Main.storyboard */,
				08DE941D1B8C58AC00D278AB /* Images.xcassets */,
				08DE941F1B8C58AC00D278AB /* LaunchScreen.xib */,
				08DE94141B8C58AC00D278AB /* Supporting Files */,
				08F204931BB0157F00D080C0 /* Extensions */,
				080ACF4E1BD79D4600329F2B /* Constants */,
				087387D91BB9B768003CFAD1 /* ErrorEnums.swift */,
				08CA59D41BBA1628008DC44D /* Stepic-Bridging-Header.h */,
			);
			path = Stepic;
			sourceTree = "<group>";
		};
		08DE94141B8C58AC00D278AB /* Supporting Files */ = {
			isa = PBXGroup;
			children = (
				08A1257B1BDEBCC90066B2B2 /* Localizable.strings */,
				08DE94151B8C58AC00D278AB /* Info.plist */,
				08C0A4351BF12CDF0010F049 /* CustomMessagesDesign.json */,
			);
			name = "Supporting Files";
			sourceTree = "<group>";
		};
		08DE94291B8C58AC00D278AB /* StepicTests */ = {
			isa = PBXGroup;
			children = (
				08DE942C1B8C58AC00D278AB /* StepicTests.swift */,
				08DE942A1B8C58AC00D278AB /* Supporting Files */,
			);
			path = StepicTests;
			sourceTree = "<group>";
		};
		08DE942A1B8C58AC00D278AB /* Supporting Files */ = {
			isa = PBXGroup;
			children = (
				08DE942B1B8C58AC00D278AB /* Info.plist */,
			);
			name = "Supporting Files";
			sourceTree = "<group>";
		};
		08E16F201BDBA495004822E1 /* Reachability */ = {
			isa = PBXGroup;
			children = (
				08E16F211BDBA4AF004822E1 /* Reachability.h */,
				08E16F221BDBA4AF004822E1 /* Reachability.m */,
			);
			name = Reachability;
			sourceTree = "<group>";
		};
		08F204931BB0157F00D080C0 /* Extensions */ = {
			isa = PBXGroup;
			children = (
				08DE94381B8E3FCE00D278AB /* UIColorExtensions.swift */,
				081B7E291BAC208200554153 /* StandardsExtensions.swift */,
				08CA59E91BBD3D55008DC44D /* LabelExtension.swift */,
				08CA59ED1BBFC962008DC44D /* ButtonExtension.swift */,
				08CA59F31BC020E2008DC44D /* UIImageViewExtension.swift */,
				08A3A9CD1BD5A14D0032C36E /* NSDateExtensions.swift */,
				08DF1D911BDAB93900BA35EA /* StringExtensions.swift */,
				089A0DA61BE9FFCE004AF4EB /* UIViewExtensions.swift */,
				08B5E2971BF4FF5A00B875E6 /* UIImageExtension.swift */,
			);
			name = Extensions;
			sourceTree = "<group>";
		};
		1BAD14BA674336E6C1C0716C /* Frameworks */ = {
			isa = PBXGroup;
			children = (
				08E16F241BDBA539004822E1 /* SystemConfiguration.framework */,
				08E16F201BDBA495004822E1 /* Reachability */,
				080ACF591BD7DCCD00329F2B /* TCBlobDownload */,
				013481E40EB75169773E2F21 /* Pods.framework */,
				0824289B1BB0104700C98185 /* Alamofire-SwiftyJSON.swift */,
			);
			name = Frameworks;
			sourceTree = "<group>";
		};
		E270F1F62B9C580DD3F2548F /* Pods */ = {
			isa = PBXGroup;
			children = (
				FB44B0005272E61AC9AE7E31 /* Pods.debug.xcconfig */,
				8860CAAA0935A0F996492A1F /* Pods.release.xcconfig */,
			);
			name = Pods;
			sourceTree = "<group>";
		};
/* End PBXGroup section */

/* Begin PBXNativeTarget section */
		08DE94101B8C58AC00D278AB /* Stepic */ = {
			isa = PBXNativeTarget;
			buildConfigurationList = 08DE94301B8C58AC00D278AB /* Build configuration list for PBXNativeTarget "Stepic" */;
			buildPhases = (
				B91127E6367E22FD37A6EAC7 /* Check Pods Manifest.lock */,
				08DE940D1B8C58AC00D278AB /* Sources */,
				08DE940E1B8C58AC00D278AB /* Frameworks */,
				08DE940F1B8C58AC00D278AB /* Resources */,
				7A56EFD8DAE895B29171C151 /* Embed Pods Frameworks */,
				D53C95D41D846AD960448116 /* Copy Pods Resources */,
				08343B1A1BF5EC7F00370FC1 /* ShellScript */,
			);
			buildRules = (
			);
			dependencies = (
			);
			name = Stepic;
			productName = Stepic;
			productReference = 08DE94111B8C58AC00D278AB /* Stepic.app */;
			productType = "com.apple.product-type.application";
		};
		08DE94251B8C58AC00D278AB /* StepicTests */ = {
			isa = PBXNativeTarget;
			buildConfigurationList = 08DE94331B8C58AC00D278AB /* Build configuration list for PBXNativeTarget "StepicTests" */;
			buildPhases = (
				08DE94221B8C58AC00D278AB /* Sources */,
				08DE94231B8C58AC00D278AB /* Frameworks */,
				08DE94241B8C58AC00D278AB /* Resources */,
			);
			buildRules = (
			);
			dependencies = (
				08DE94281B8C58AC00D278AB /* PBXTargetDependency */,
			);
			name = StepicTests;
			productName = StepicTests;
			productReference = 08DE94261B8C58AC00D278AB /* StepicTests.xctest */;
			productType = "com.apple.product-type.bundle.unit-test";
		};
/* End PBXNativeTarget section */

/* Begin PBXProject section */
		08DE94091B8C58AC00D278AB /* Project object */ = {
			isa = PBXProject;
			attributes = {
				LastSwiftMigration = 0700;
				LastSwiftUpdateCheck = 0700;
				LastUpgradeCheck = 0700;
				ORGANIZATIONNAME = "Alex Karpov";
				TargetAttributes = {
					08DE94101B8C58AC00D278AB = {
						CreatedOnToolsVersion = 6.4;
					};
					08DE94251B8C58AC00D278AB = {
						CreatedOnToolsVersion = 6.4;
						TestTargetID = 08DE94101B8C58AC00D278AB;
					};
				};
			};
			buildConfigurationList = 08DE940C1B8C58AC00D278AB /* Build configuration list for PBXProject "Stepic" */;
			compatibilityVersion = "Xcode 3.2";
			developmentRegion = English;
			hasScannedForEncodings = 0;
			knownRegions = (
				en,
				Base,
			);
			mainGroup = 08DE94081B8C58AC00D278AB;
			productRefGroup = 08DE94121B8C58AC00D278AB /* Products */;
			projectDirPath = "";
			projectRoot = "";
			targets = (
				08DE94101B8C58AC00D278AB /* Stepic */,
				08DE94251B8C58AC00D278AB /* StepicTests */,
			);
		};
/* End PBXProject section */

/* Begin PBXResourcesBuildPhase section */
		08DE940F1B8C58AC00D278AB /* Resources */ = {
			isa = PBXResourcesBuildPhase;
			buildActionMask = 2147483647;
			files = (
				08C0A4361BF12CDF0010F049 /* CustomMessagesDesign.json in Resources */,
				0885F8481BA833C600F2A188 /* CourseTableViewCell.xib in Resources */,
				0828FF8D1BC81F41000AFEA7 /* UnitTableViewCell.xib in Resources */,
				08687BAF1BACB43700F5BDE1 /* RefreshTableViewCell.xib in Resources */,
				08DE941C1B8C58AC00D278AB /* Main.storyboard in Resources */,
				08DE94211B8C58AC00D278AB /* LaunchScreen.xib in Resources */,
				08DE941E1B8C58AC00D278AB /* Images.xcassets in Resources */,
				08DF1D961BDADB7A00BA35EA /* Scripts.plist in Resources */,
				08A125791BDEBCC90066B2B2 /* Localizable.strings in Resources */,
				08CA59DD1BBC00B9008DC44D /* TeacherCollectionViewCell.xib in Resources */,
				0828FF771BC5E6B0000AFEA7 /* SectionTableViewCell.xib in Resources */,
			);
			runOnlyForDeploymentPostprocessing = 0;
		};
		08DE94241B8C58AC00D278AB /* Resources */ = {
			isa = PBXResourcesBuildPhase;
			buildActionMask = 2147483647;
			files = (
			);
			runOnlyForDeploymentPostprocessing = 0;
		};
/* End PBXResourcesBuildPhase section */

/* Begin PBXShellScriptBuildPhase section */
		08343B1A1BF5EC7F00370FC1 /* ShellScript */ = {
			isa = PBXShellScriptBuildPhase;
			buildActionMask = 2147483647;
			files = (
			);
			inputPaths = (
			);
			outputPaths = (
			);
			runOnlyForDeploymentPostprocessing = 0;
			shellPath = /bin/sh;
			shellScript = "\"${PODS_ROOT}/Fabric/Fabric.framework/run\" d4016589326f6f7814080b7ff9017e18711a1959 7b8ab6e85a0ca84908f6cd82f195f1b24ffad778e69b5bce1105ce078d1255f8";
		};
		7A56EFD8DAE895B29171C151 /* Embed Pods Frameworks */ = {
			isa = PBXShellScriptBuildPhase;
			buildActionMask = 2147483647;
			files = (
			);
			inputPaths = (
			);
			name = "Embed Pods Frameworks";
			outputPaths = (
			);
			runOnlyForDeploymentPostprocessing = 0;
			shellPath = /bin/sh;
			shellScript = "\"${SRCROOT}/Pods/Target Support Files/Pods/Pods-frameworks.sh\"\n";
			showEnvVarsInLog = 0;
		};
		B91127E6367E22FD37A6EAC7 /* Check Pods Manifest.lock */ = {
			isa = PBXShellScriptBuildPhase;
			buildActionMask = 2147483647;
			files = (
			);
			inputPaths = (
			);
			name = "Check Pods Manifest.lock";
			outputPaths = (
			);
			runOnlyForDeploymentPostprocessing = 0;
			shellPath = /bin/sh;
			shellScript = "diff \"${PODS_ROOT}/../Podfile.lock\" \"${PODS_ROOT}/Manifest.lock\" > /dev/null\nif [[ $? != 0 ]] ; then\n    cat << EOM\nerror: The sandbox is not in sync with the Podfile.lock. Run 'pod install' or update your CocoaPods installation.\nEOM\n    exit 1\nfi\n";
			showEnvVarsInLog = 0;
		};
		D53C95D41D846AD960448116 /* Copy Pods Resources */ = {
			isa = PBXShellScriptBuildPhase;
			buildActionMask = 2147483647;
			files = (
			);
			inputPaths = (
			);
			name = "Copy Pods Resources";
			outputPaths = (
			);
			runOnlyForDeploymentPostprocessing = 0;
			shellPath = /bin/sh;
			shellScript = "\"${SRCROOT}/Pods/Target Support Files/Pods/Pods-resources.sh\"\n";
			showEnvVarsInLog = 0;
		};
/* End PBXShellScriptBuildPhase section */

/* Begin PBXSourcesBuildPhase section */
		08DE940D1B8C58AC00D278AB /* Sources */ = {
			isa = PBXSourcesBuildPhase;
			buildActionMask = 2147483647;
			files = (
				08D1EF741BB5636700BE84E6 /* Course.swift in Sources */,
				080F74681BD928F30064AAEA /* VideoQuality.swift in Sources */,
				08FCEB641B9ED2AC00FC4F8B /* AuthentificationManager.swift in Sources */,
				089142501BCFFB7F0000BCB0 /* WebStepViewController.swift in Sources */,
				08CA59EA1BBD3D55008DC44D /* LabelExtension.swift in Sources */,
				083AABE91BE8D63D005E1E96 /* Progress.swift in Sources */,
				0891424A1BCEE4EF0000BCB0 /* VideoURL+CoreDataProperties.swift in Sources */,
				089142481BCEE4EF0000BCB0 /* Video+CoreDataProperties.swift in Sources */,
				08D1EF701BB5618700BE84E6 /* Model.xcdatamodeld in Sources */,
				08E16F291BDBA731004822E1 /* ConnectionHelper.swift in Sources */,
				080ACF501BD79D5500329F2B /* ImageConstants.swift in Sources */,
				081B7E2A1BAC208200554153 /* StandardsExtensions.swift in Sources */,
				0828FF811BC7FD24000AFEA7 /* Lesson.swift in Sources */,
				08DF1D981BDAE11500BA35EA /* HTMLBuilder.swift in Sources */,
				08DF1D941BDADB2D00BA35EA /* Scripts.swift in Sources */,
				0828FF6F1BC5D177000AFEA7 /* Section.swift in Sources */,
				084156951BCBFFBD006B8C73 /* Step+CoreDataProperties.swift in Sources */,
				08DE94371B8E3A5300D278AB /* RegistrationViewController.swift in Sources */,
				08CA59E41BBD25C4008DC44D /* SummaryTableViewCell.swift in Sources */,
				08DF1D8C1BDA77A200BA35EA /* PathManager.swift in Sources */,
				08DF1D921BDAB93900BA35EA /* StringExtensions.swift in Sources */,
				08CA59E01BBD2584008DC44D /* IntroVideoTableViewCell.swift in Sources */,
				08DE94191B8C58AC00D278AB /* ViewController.swift in Sources */,
				083AABE81BE8D63D005E1E96 /* Progress+CoreDataProperties.swift in Sources */,
				08CA59EE1BBFC962008DC44D /* ButtonExtension.swift in Sources */,
				08CA59E61BBD25DC008DC44D /* TeachersTableViewCell.swift in Sources */,
				089A0DA71BE9FFCE004AF4EB /* UIViewExtensions.swift in Sources */,
				0828FF6E1BC5D177000AFEA7 /* Section+CoreDataProperties.swift in Sources */,
				0891424E1BCEED8E0000BCB0 /* VideoStepViewController.swift in Sources */,
				08A3A9CE1BD5A14D0032C36E /* NSDateExtensions.swift in Sources */,
				08DE94171B8C58AC00D278AB /* AppDelegate.swift in Sources */,
				080F74611BD8159F0064AAEA /* TabsInfo.swift in Sources */,
				0841569F1BCC0B31006B8C73 /* StepContentViewController.swift in Sources */,
				0841569B1BCC0910006B8C73 /* RGPageViewController.swift in Sources */,
				080F31DF1BA71CE900F356A0 /* SignInViewController.swift in Sources */,
				0828FF761BC5E6B0000AFEA7 /* SectionTableViewCell.swift in Sources */,
				0828FF7C1BC7F9D7000AFEA7 /* Unit+CoreDataProperties.swift in Sources */,
				0828FF7D1BC7F9D7000AFEA7 /* Unit.swift in Sources */,
				0857AA211BECDA640044B505 /* VideoDownload.swift in Sources */,
				0885F8561BA9F18900F2A188 /* Parser.swift in Sources */,
				08687BAE1BACB43700F5BDE1 /* RefreshTableViewCell.swift in Sources */,
				08C0A4341BF1276C0010F049 /* Messages.swift in Sources */,
				087387D81BB9A4BD003CFAD1 /* CoreDataHelper.swift in Sources */,
				0828FF861BC81EEC000AFEA7 /* UnitsViewController.swift in Sources */,
				080F74641BD9213D0064AAEA /* VideosInfo.swift in Sources */,
				08F204951BB16B1F00D080C0 /* MyCoursesViewController.swift in Sources */,
				08D1EF731BB5636700BE84E6 /* Course+CoreDataProperties.swift in Sources */,
				0891424B1BCEE4EF0000BCB0 /* VideoURL.swift in Sources */,
				080F74661BD924B80064AAEA /* VideoQualityTableViewController.swift in Sources */,
				08CA59F21BBFD65E008DC44D /* User.swift in Sources */,
				08B5E2981BF4FF5A00B875E6 /* UIImageExtension.swift in Sources */,
				0885F84E1BA837E200F2A188 /* ApiDataDownloader.swift in Sources */,
				0841569D1BCC09F2006B8C73 /* StepsViewController.swift in Sources */,
				084156941BCBFFBD006B8C73 /* Block.swift in Sources */,
				0885F8471BA833C600F2A188 /* CourseTableViewCell.swift in Sources */,
				0824289C1BB0104700C98185 /* Alamofire-SwiftyJSON.swift in Sources */,
				080ACF601BD7DE2A00329F2B /* TCBlobDownload.swift in Sources */,
				08CA59F11BBFD65E008DC44D /* User+CoreDataProperties.swift in Sources */,
				08CA59D91BBC008A008DC44D /* CoursePreviewViewController.swift in Sources */,
				084156931BCBFFBD006B8C73 /* Block+CoreDataProperties.swift in Sources */,
				089142491BCEE4EF0000BCB0 /* Video.swift in Sources */,
				08B5E29A1BF509C900B875E6 /* UIThreadHelper.swift in Sources */,
				08CA59E81BBD25F5008DC44D /* DateInfoTableViewCell.swift in Sources */,
				084156961BCBFFBD006B8C73 /* Step.swift in Sources */,
				0885F8581BAAD43300F2A188 /* StepicAPI.swift in Sources */,
				0828FF831BC800C0000AFEA7 /* JSONInitializable.swift in Sources */,
				08CA59F41BC020E3008DC44D /* UIImageViewExtension.swift in Sources */,
				0828FF801BC7FD24000AFEA7 /* Lesson+CoreDataProperties.swift in Sources */,
				080ACF611BD7DE2A00329F2B /* TCBlobDownloadManager.swift in Sources */,
				08DE94391B8E3FCE00D278AB /* UIColorExtensions.swift in Sources */,
				0885F8541BA9DB5C00F2A188 /* Meta.swift in Sources */,
				080F31DD1BA7162C00F356A0 /* StepicToken.swift in Sources */,
				08CA59EC1BBDA0ED008DC44D /* DescriptionTableViewCell.swift in Sources */,
				0828FF791BC5E744000AFEA7 /* SectionsViewController.swift in Sources */,
				08A1256F1BDE8E460066B2B2 /* Sorter.swift in Sources */,
				08CA59DC1BBC00B9008DC44D /* TeacherCollectionViewCell.swift in Sources */,
				081BE8A41BB49735008CA213 /* UserPreferencesTableViewController.swift in Sources */,
				0828FF8C1BC81F41000AFEA7 /* UnitTableViewCell.swift in Sources */,
				08E16F231BDBA4AF004822E1 /* Reachability.m in Sources */,
				0885F85A1BAAD9AC00F2A188 /* FindCoursesViewController.swift in Sources */,
				08CA59E21BBD25B4008DC44D /* GeneralInfoTableViewCell.swift in Sources */,
				087387DA1BB9B768003CFAD1 /* ErrorEnums.swift in Sources */,
				080C9A2C1BAC88E2001BE326 /* UICustomizer.swift in Sources */,
				0885F8521BA9D64400F2A188 /* Constants.swift in Sources */,
			);
			runOnlyForDeploymentPostprocessing = 0;
		};
		08DE94221B8C58AC00D278AB /* Sources */ = {
			isa = PBXSourcesBuildPhase;
			buildActionMask = 2147483647;
			files = (
				08DE942D1B8C58AC00D278AB /* StepicTests.swift in Sources */,
			);
			runOnlyForDeploymentPostprocessing = 0;
		};
/* End PBXSourcesBuildPhase section */

/* Begin PBXTargetDependency section */
		08DE94281B8C58AC00D278AB /* PBXTargetDependency */ = {
			isa = PBXTargetDependency;
			target = 08DE94101B8C58AC00D278AB /* Stepic */;
			targetProxy = 08DE94271B8C58AC00D278AB /* PBXContainerItemProxy */;
		};
/* End PBXTargetDependency section */

/* Begin PBXVariantGroup section */
		08A1257B1BDEBCC90066B2B2 /* Localizable.strings */ = {
			isa = PBXVariantGroup;
			children = (
				08A1257A1BDEBCC90066B2B2 /* ru */,
				08A1257D1BDEBCD60066B2B2 /* en */,
			);
			name = Localizable.strings;
			sourceTree = "<group>";
		};
		08DE941A1B8C58AC00D278AB /* Main.storyboard */ = {
			isa = PBXVariantGroup;
			children = (
				08DE941B1B8C58AC00D278AB /* Base */,
				08A125781BDEBCBB0066B2B2 /* ru */,
			);
			name = Main.storyboard;
			sourceTree = "<group>";
		};
		08DE941F1B8C58AC00D278AB /* LaunchScreen.xib */ = {
			isa = PBXVariantGroup;
			children = (
				08DE94201B8C58AC00D278AB /* Base */,
			);
			name = LaunchScreen.xib;
			sourceTree = "<group>";
		};
/* End PBXVariantGroup section */

/* Begin XCBuildConfiguration section */
		08DE942E1B8C58AC00D278AB /* Debug */ = {
			isa = XCBuildConfiguration;
			buildSettings = {
				ALWAYS_SEARCH_USER_PATHS = NO;
				CLANG_CXX_LANGUAGE_STANDARD = "gnu++0x";
				CLANG_CXX_LIBRARY = "libc++";
				CLANG_ENABLE_MODULES = YES;
				CLANG_ENABLE_OBJC_ARC = YES;
				CLANG_WARN_BOOL_CONVERSION = YES;
				CLANG_WARN_CONSTANT_CONVERSION = YES;
				CLANG_WARN_DIRECT_OBJC_ISA_USAGE = YES_ERROR;
				CLANG_WARN_EMPTY_BODY = YES;
				CLANG_WARN_ENUM_CONVERSION = YES;
				CLANG_WARN_INT_CONVERSION = YES;
				CLANG_WARN_OBJC_ROOT_CLASS = YES_ERROR;
				CLANG_WARN_UNREACHABLE_CODE = YES;
				CLANG_WARN__DUPLICATE_METHOD_MATCH = YES;
				"CODE_SIGN_IDENTITY[sdk=iphoneos*]" = "iPhone Developer";
				COPY_PHASE_STRIP = NO;
				DEBUG_INFORMATION_FORMAT = "dwarf-with-dsym";
				ENABLE_STRICT_OBJC_MSGSEND = YES;
				ENABLE_TESTABILITY = YES;
				GCC_C_LANGUAGE_STANDARD = gnu99;
				GCC_DYNAMIC_NO_PIC = NO;
				GCC_NO_COMMON_BLOCKS = YES;
				GCC_OPTIMIZATION_LEVEL = 0;
				GCC_PREPROCESSOR_DEFINITIONS = (
					"DEBUG=1",
					"$(inherited)",
				);
				GCC_SYMBOLS_PRIVATE_EXTERN = NO;
				GCC_WARN_64_TO_32_BIT_CONVERSION = YES;
				GCC_WARN_ABOUT_RETURN_TYPE = YES_ERROR;
				GCC_WARN_UNDECLARED_SELECTOR = YES;
				GCC_WARN_UNINITIALIZED_AUTOS = YES_AGGRESSIVE;
				GCC_WARN_UNUSED_FUNCTION = YES;
				GCC_WARN_UNUSED_VARIABLE = YES;
				IPHONEOS_DEPLOYMENT_TARGET = 9.0;
				MTL_ENABLE_DEBUG_INFO = YES;
				ONLY_ACTIVE_ARCH = YES;
				SDKROOT = iphoneos;
				SWIFT_OPTIMIZATION_LEVEL = "-Onone";
				TARGETED_DEVICE_FAMILY = "1,2";
			};
			name = Debug;
		};
		08DE942F1B8C58AC00D278AB /* Release */ = {
			isa = XCBuildConfiguration;
			buildSettings = {
				ALWAYS_SEARCH_USER_PATHS = NO;
				CLANG_CXX_LANGUAGE_STANDARD = "gnu++0x";
				CLANG_CXX_LIBRARY = "libc++";
				CLANG_ENABLE_MODULES = YES;
				CLANG_ENABLE_OBJC_ARC = YES;
				CLANG_WARN_BOOL_CONVERSION = YES;
				CLANG_WARN_CONSTANT_CONVERSION = YES;
				CLANG_WARN_DIRECT_OBJC_ISA_USAGE = YES_ERROR;
				CLANG_WARN_EMPTY_BODY = YES;
				CLANG_WARN_ENUM_CONVERSION = YES;
				CLANG_WARN_INT_CONVERSION = YES;
				CLANG_WARN_OBJC_ROOT_CLASS = YES_ERROR;
				CLANG_WARN_UNREACHABLE_CODE = YES;
				CLANG_WARN__DUPLICATE_METHOD_MATCH = YES;
				"CODE_SIGN_IDENTITY[sdk=iphoneos*]" = "iPhone Developer";
				COPY_PHASE_STRIP = NO;
				DEBUG_INFORMATION_FORMAT = "dwarf-with-dsym";
				ENABLE_NS_ASSERTIONS = NO;
				ENABLE_STRICT_OBJC_MSGSEND = YES;
				GCC_C_LANGUAGE_STANDARD = gnu99;
				GCC_NO_COMMON_BLOCKS = YES;
				GCC_WARN_64_TO_32_BIT_CONVERSION = YES;
				GCC_WARN_ABOUT_RETURN_TYPE = YES_ERROR;
				GCC_WARN_UNDECLARED_SELECTOR = YES;
				GCC_WARN_UNINITIALIZED_AUTOS = YES_AGGRESSIVE;
				GCC_WARN_UNUSED_FUNCTION = YES;
				GCC_WARN_UNUSED_VARIABLE = YES;
				IPHONEOS_DEPLOYMENT_TARGET = 9.0;
				MTL_ENABLE_DEBUG_INFO = NO;
				SDKROOT = iphoneos;
				TARGETED_DEVICE_FAMILY = "1,2";
				VALIDATE_PRODUCT = YES;
			};
			name = Release;
		};
		08DE94311B8C58AC00D278AB /* Debug */ = {
			isa = XCBuildConfiguration;
			baseConfigurationReference = FB44B0005272E61AC9AE7E31 /* Pods.debug.xcconfig */;
			buildSettings = {
				ASSETCATALOG_COMPILER_APPICON_NAME = AppIcon;
				CLANG_ENABLE_MODULES = YES;
				INFOPLIST_FILE = Stepic/Info.plist;
				IPHONEOS_DEPLOYMENT_TARGET = 9.0;
				LD_RUNPATH_SEARCH_PATHS = "$(inherited) @executable_path/Frameworks";
				PRODUCT_BUNDLE_IDENTIFIER = "com.AlexKarpov.$(PRODUCT_NAME:rfc1034identifier)";
				PRODUCT_NAME = "$(TARGET_NAME)";
				SWIFT_OBJC_BRIDGING_HEADER = "Stepic/Stepic-Bridging-Header.h";
				SWIFT_OPTIMIZATION_LEVEL = "-Onone";
			};
			name = Debug;
		};
		08DE94321B8C58AC00D278AB /* Release */ = {
			isa = XCBuildConfiguration;
			baseConfigurationReference = 8860CAAA0935A0F996492A1F /* Pods.release.xcconfig */;
			buildSettings = {
				ASSETCATALOG_COMPILER_APPICON_NAME = AppIcon;
				CLANG_ENABLE_MODULES = YES;
				INFOPLIST_FILE = Stepic/Info.plist;
				IPHONEOS_DEPLOYMENT_TARGET = 9.0;
				LD_RUNPATH_SEARCH_PATHS = "$(inherited) @executable_path/Frameworks";
				PRODUCT_BUNDLE_IDENTIFIER = "com.AlexKarpov.$(PRODUCT_NAME:rfc1034identifier)";
				PRODUCT_NAME = "$(TARGET_NAME)";
				SWIFT_OBJC_BRIDGING_HEADER = "Stepic/Stepic-Bridging-Header.h";
			};
			name = Release;
		};
		08DE94341B8C58AC00D278AB /* Debug */ = {
			isa = XCBuildConfiguration;
			buildSettings = {
				BUNDLE_LOADER = "$(TEST_HOST)";
				FRAMEWORK_SEARCH_PATHS = (
					"$(SDKROOT)/Developer/Library/Frameworks",
					"$(inherited)",
				);
				GCC_PREPROCESSOR_DEFINITIONS = (
					"DEBUG=1",
					"$(inherited)",
				);
				INFOPLIST_FILE = StepicTests/Info.plist;
				LD_RUNPATH_SEARCH_PATHS = "$(inherited) @executable_path/Frameworks @loader_path/Frameworks";
				PRODUCT_BUNDLE_IDENTIFIER = "com.AlexKarpov.$(PRODUCT_NAME:rfc1034identifier)";
				PRODUCT_NAME = "$(TARGET_NAME)";
				TEST_HOST = "$(BUILT_PRODUCTS_DIR)/Stepic.app/Stepic";
			};
			name = Debug;
		};
		08DE94351B8C58AC00D278AB /* Release */ = {
			isa = XCBuildConfiguration;
			buildSettings = {
				BUNDLE_LOADER = "$(TEST_HOST)";
				FRAMEWORK_SEARCH_PATHS = (
					"$(SDKROOT)/Developer/Library/Frameworks",
					"$(inherited)",
				);
				INFOPLIST_FILE = StepicTests/Info.plist;
				LD_RUNPATH_SEARCH_PATHS = "$(inherited) @executable_path/Frameworks @loader_path/Frameworks";
				PRODUCT_BUNDLE_IDENTIFIER = "com.AlexKarpov.$(PRODUCT_NAME:rfc1034identifier)";
				PRODUCT_NAME = "$(TARGET_NAME)";
				TEST_HOST = "$(BUILT_PRODUCTS_DIR)/Stepic.app/Stepic";
			};
			name = Release;
		};
/* End XCBuildConfiguration section */

/* Begin XCConfigurationList section */
		08DE940C1B8C58AC00D278AB /* Build configuration list for PBXProject "Stepic" */ = {
			isa = XCConfigurationList;
			buildConfigurations = (
				08DE942E1B8C58AC00D278AB /* Debug */,
				08DE942F1B8C58AC00D278AB /* Release */,
			);
			defaultConfigurationIsVisible = 0;
			defaultConfigurationName = Release;
		};
		08DE94301B8C58AC00D278AB /* Build configuration list for PBXNativeTarget "Stepic" */ = {
			isa = XCConfigurationList;
			buildConfigurations = (
				08DE94311B8C58AC00D278AB /* Debug */,
				08DE94321B8C58AC00D278AB /* Release */,
			);
			defaultConfigurationIsVisible = 0;
			defaultConfigurationName = Release;
		};
		08DE94331B8C58AC00D278AB /* Build configuration list for PBXNativeTarget "StepicTests" */ = {
			isa = XCConfigurationList;
			buildConfigurations = (
				08DE94341B8C58AC00D278AB /* Debug */,
				08DE94351B8C58AC00D278AB /* Release */,
			);
			defaultConfigurationIsVisible = 0;
			defaultConfigurationName = Release;
		};
/* End XCConfigurationList section */

/* Begin XCVersionGroup section */
		08D1EF6E1BB5618700BE84E6 /* Model.xcdatamodeld */ = {
			isa = XCVersionGroup;
			children = (
				08D1EF6F1BB5618700BE84E6 /* Model.xcdatamodel */,
			);
			currentVersion = 08D1EF6F1BB5618700BE84E6 /* Model.xcdatamodel */;
			path = Model.xcdatamodeld;
			sourceTree = "<group>";
			versionGroupType = wrapper.xcdatamodel;
		};
/* End XCVersionGroup section */
	};
	rootObject = 08DE94091B8C58AC00D278AB /* Project object */;
}
