// !$*UTF8*$!
{
	archiveVersion = 1;
	classes = {
	};
	objectVersion = 46;
	objects = {

/* Begin PBXBuildFile section */
		08DE94171B8C58AC00D278AB /* AppDelegate.swift in Sources */ = {isa = PBXBuildFile; fileRef = 08DE94161B8C58AC00D278AB /* AppDelegate.swift */; };
		08DE94191B8C58AC00D278AB /* ViewController.swift in Sources */ = {isa = PBXBuildFile; fileRef = 08DE94181B8C58AC00D278AB /* ViewController.swift */; };
		08DE941C1B8C58AC00D278AB /* Main.storyboard in Resources */ = {isa = PBXBuildFile; fileRef = 08DE941A1B8C58AC00D278AB /* Main.storyboard */; };
		08DE941E1B8C58AC00D278AB /* Images.xcassets in Resources */ = {isa = PBXBuildFile; fileRef = 08DE941D1B8C58AC00D278AB /* Images.xcassets */; };
		08DE94211B8C58AC00D278AB /* LaunchScreen.xib in Resources */ = {isa = PBXBuildFile; fileRef = 08DE941F1B8C58AC00D278AB /* LaunchScreen.xib */; };
		08DE942D1B8C58AC00D278AB /* StepicTests.swift in Sources */ = {isa = PBXBuildFile; fileRef = 08DE942C1B8C58AC00D278AB /* StepicTests.swift */; };
/* End PBXBuildFile section */

/* Begin PBXContainerItemProxy section */
		08DE94271B8C58AC00D278AB /* PBXContainerItemProxy */ = {
			isa = PBXContainerItemProxy;
			containerPortal = 08DE94091B8C58AC00D278AB /* Project object */;
			proxyType = 1;
			remoteGlobalIDString = 08DE94101B8C58AC00D278AB;
			remoteInfo = Stepic;
		};
/* End PBXContainerItemProxy section */

/* Begin PBXFileReference section */
		08DE94111B8C58AC00D278AB /* Stepic.app */ = {isa = PBXFileReference; explicitFileType = wrapper.application; includeInIndex = 0; path = Stepic.app; sourceTree = BUILT_PRODUCTS_DIR; };
		08DE94151B8C58AC00D278AB /* Info.plist */ = {isa = PBXFileReference; lastKnownFileType = text.plist.xml; path = Info.plist; sourceTree = "<group>"; };
		08DE94161B8C58AC00D278AB /* AppDelegate.swift */ = {isa = PBXFileReference; lastKnownFileType = sourcecode.swift; path = AppDelegate.swift; sourceTree = "<group>"; };
		08DE94181B8C58AC00D278AB /* ViewController.swift */ = {isa = PBXFileReference; lastKnownFileType = sourcecode.swift; path = ViewController.swift; sourceTree = "<group>"; };
		08DE941B1B8C58AC00D278AB /* Base */ = {isa = PBXFileReference; lastKnownFileType = file.storyboard; name = Base; path = Base.lproj/Main.storyboard; sourceTree = "<group>"; };
		08DE941D1B8C58AC00D278AB /* Images.xcassets */ = {isa = PBXFileReference; lastKnownFileType = folder.assetcatalog; path = Images.xcassets; sourceTree = "<group>"; };
		08DE94201B8C58AC00D278AB /* Base */ = {isa = PBXFileReference; lastKnownFileType = file.xib; name = Base; path = Base.lproj/LaunchScreen.xib; sourceTree = "<group>"; };
		08DE94261B8C58AC00D278AB /* StepicTests.xctest */ = {isa = PBXFileReference; explicitFileType = wrapper.cfbundle; includeInIndex = 0; path = StepicTests.xctest; sourceTree = BUILT_PRODUCTS_DIR; };
		08DE942B1B8C58AC00D278AB /* Info.plist */ = {isa = PBXFileReference; lastKnownFileType = text.plist.xml; path = Info.plist; sourceTree = "<group>"; };
		08DE942C1B8C58AC00D278AB /* StepicTests.swift */ = {isa = PBXFileReference; lastKnownFileType = sourcecode.swift; path = StepicTests.swift; sourceTree = "<group>"; };
/* End PBXFileReference section */

/* Begin PBXFrameworksBuildPhase section */
		08DE940E1B8C58AC00D278AB /* Frameworks */ = {
			isa = PBXFrameworksBuildPhase;
			buildActionMask = 2147483647;
			files = (
			);
			runOnlyForDeploymentPostprocessing = 0;
		};
		08DE94231B8C58AC00D278AB /* Frameworks */ = {
			isa = PBXFrameworksBuildPhase;
			buildActionMask = 2147483647;
			files = (
			);
			runOnlyForDeploymentPostprocessing = 0;
		};
/* End PBXFrameworksBuildPhase section */

/* Begin PBXGroup section */
		08DE94081B8C58AC00D278AB = {
			isa = PBXGroup;
			children = (
				08DE94131B8C58AC00D278AB /* Stepic */,
				08DE94291B8C58AC00D278AB /* StepicTests */,
				08DE94121B8C58AC00D278AB /* Products */,
			);
			sourceTree = "<group>";
		};
		08DE94121B8C58AC00D278AB /* Products */ = {
			isa = PBXGroup;
			children = (
				08DE94111B8C58AC00D278AB /* Stepic.app */,
				08DE94261B8C58AC00D278AB /* StepicTests.xctest */,
			);
			name = Products;
			sourceTree = "<group>";
		};
		08DE94131B8C58AC00D278AB /* Stepic */ = {
			isa = PBXGroup;
			children = (
				08DE94161B8C58AC00D278AB /* AppDelegate.swift */,
				08DE94181B8C58AC00D278AB /* ViewController.swift */,
				08DE941A1B8C58AC00D278AB /* Main.storyboard */,
				08DE941D1B8C58AC00D278AB /* Images.xcassets */,
				08DE941F1B8C58AC00D278AB /* LaunchScreen.xib */,
				08DE94141B8C58AC00D278AB /* Supporting Files */,
			);
			path = Stepic;
			sourceTree = "<group>";
		};
		08DE94141B8C58AC00D278AB /* Supporting Files */ = {
			isa = PBXGroup;
			children = (
				08DE94151B8C58AC00D278AB /* Info.plist */,
			);
			name = "Supporting Files";
			sourceTree = "<group>";
		};
		08DE94291B8C58AC00D278AB /* StepicTests */ = {
			isa = PBXGroup;
			children = (
				08DE942C1B8C58AC00D278AB /* StepicTests.swift */,
				08DE942A1B8C58AC00D278AB /* Supporting Files */,
			);
			path = StepicTests;
			sourceTree = "<group>";
		};
		08DE942A1B8C58AC00D278AB /* Supporting Files */ = {
			isa = PBXGroup;
			children = (
				08DE942B1B8C58AC00D278AB /* Info.plist */,
			);
			name = "Supporting Files";
			sourceTree = "<group>";
		};
/* End PBXGroup section */

/* Begin PBXNativeTarget section */
		08DE94101B8C58AC00D278AB /* Stepic */ = {
			isa = PBXNativeTarget;
			buildConfigurationList = 08DE94301B8C58AC00D278AB /* Build configuration list for PBXNativeTarget "Stepic" */;
			buildPhases = (
				08DE940D1B8C58AC00D278AB /* Sources */,
				08DE940E1B8C58AC00D278AB /* Frameworks */,
				08DE940F1B8C58AC00D278AB /* Resources */,
			);
			buildRules = (
			);
			dependencies = (
			);
			name = Stepic;
			productName = Stepic;
			productReference = 08DE94111B8C58AC00D278AB /* Stepic.app */;
			productType = "com.apple.product-type.application";
		};
		08DE94251B8C58AC00D278AB /* StepicTests */ = {
			isa = PBXNativeTarget;
			buildConfigurationList = 08DE94331B8C58AC00D278AB /* Build configuration list for PBXNativeTarget "StepicTests" */;
			buildPhases = (
				08DE94221B8C58AC00D278AB /* Sources */,
				08DE94231B8C58AC00D278AB /* Frameworks */,
				08DE94241B8C58AC00D278AB /* Resources */,
			);
			buildRules = (
			);
			dependencies = (
				08DE94281B8C58AC00D278AB /* PBXTargetDependency */,
			);
			name = StepicTests;
			productName = StepicTests;
			productReference = 08DE94261B8C58AC00D278AB /* StepicTests.xctest */;
			productType = "com.apple.product-type.bundle.unit-test";
		};
/* End PBXNativeTarget section */

/* Begin PBXProject section */
		08DE94091B8C58AC00D278AB /* Project object */ = {
			isa = PBXProject;
			attributes = {
				LastUpgradeCheck = 0640;
				ORGANIZATIONNAME = "Alex Karpov";
				TargetAttributes = {
					08DE94101B8C58AC00D278AB = {
						CreatedOnToolsVersion = 6.4;
					};
					08DE94251B8C58AC00D278AB = {
						CreatedOnToolsVersion = 6.4;
						TestTargetID = 08DE94101B8C58AC00D278AB;
					};
				};
			};
			buildConfigurationList = 08DE940C1B8C58AC00D278AB /* Build configuration list for PBXProject "Stepic" */;
			compatibilityVersion = "Xcode 3.2";
			developmentRegion = English;
			hasScannedForEncodings = 0;
			knownRegions = (
				en,
				Base,
			);
			mainGroup = 08DE94081B8C58AC00D278AB;
			productRefGroup = 08DE94121B8C58AC00D278AB /* Products */;
			projectDirPath = "";
			projectRoot = "";
			targets = (
				08DE94101B8C58AC00D278AB /* Stepic */,
				08DE94251B8C58AC00D278AB /* StepicTests */,
			);
		};
/* End PBXProject section */

/* Begin PBXResourcesBuildPhase section */
		08DE940F1B8C58AC00D278AB /* Resources */ = {
			isa = PBXResourcesBuildPhase;
			buildActionMask = 2147483647;
			files = (
				08DE941C1B8C58AC00D278AB /* Main.storyboard in Resources */,
				08DE94211B8C58AC00D278AB /* LaunchScreen.xib in Resources */,
				08DE941E1B8C58AC00D278AB /* Images.xcassets in Resources */,
			);
			runOnlyForDeploymentPostprocessing = 0;
		};
		08DE94241B8C58AC00D278AB /* Resources */ = {
			isa = PBXResourcesBuildPhase;
			buildActionMask = 2147483647;
			files = (
			);
			runOnlyForDeploymentPostprocessing = 0;
		};
/* End PBXResourcesBuildPhase section */

/* Begin PBXSourcesBuildPhase section */
		08DE940D1B8C58AC00D278AB /* Sources */ = {
			isa = PBXSourcesBuildPhase;
			buildActionMask = 2147483647;
			files = (
				08DE94191B8C58AC00D278AB /* ViewController.swift in Sources */,
				08DE94171B8C58AC00D278AB /* AppDelegate.swift in Sources */,
			);
			runOnlyForDeploymentPostprocessing = 0;
		};
		08DE94221B8C58AC00D278AB /* Sources */ = {
			isa = PBXSourcesBuildPhase;
			buildActionMask = 2147483647;
			files = (
				08DE942D1B8C58AC00D278AB /* StepicTests.swift in Sources */,
			);
			runOnlyForDeploymentPostprocessing = 0;
		};
/* End PBXSourcesBuildPhase section */

/* Begin PBXTargetDependency section */
		08DE94281B8C58AC00D278AB /* PBXTargetDependency */ = {
			isa = PBXTargetDependency;
			target = 08DE94101B8C58AC00D278AB /* Stepic */;
			targetProxy = 08DE94271B8C58AC00D278AB /* PBXContainerItemProxy */;
		};
/* End PBXTargetDependency section */

/* Begin PBXVariantGroup section */
		08DE941A1B8C58AC00D278AB /* Main.storyboard */ = {
			isa = PBXVariantGroup;
			children = (
				08DE941B1B8C58AC00D278AB /* Base */,
			);
			name = Main.storyboard;
			sourceTree = "<group>";
		};
		08DE941F1B8C58AC00D278AB /* LaunchScreen.xib */ = {
			isa = PBXVariantGroup;
			children = (
				08DE94201B8C58AC00D278AB /* Base */,
			);
			name = LaunchScreen.xib;
			sourceTree = "<group>";
		};
/* End PBXVariantGroup section */

/* Begin XCBuildConfiguration section */
		08DE942E1B8C58AC00D278AB /* Debug */ = {
			isa = XCBuildConfiguration;
			buildSettings = {
				ALWAYS_SEARCH_USER_PATHS = NO;
				CLANG_CXX_LANGUAGE_STANDARD = "gnu++0x";
				CLANG_CXX_LIBRARY = "libc++";
				CLANG_ENABLE_MODULES = YES;
				CLANG_ENABLE_OBJC_ARC = YES;
				CLANG_WARN_BOOL_CONVERSION = YES;
				CLANG_WARN_CONSTANT_CONVERSION = YES;
				CLANG_WARN_DIRECT_OBJC_ISA_USAGE = YES_ERROR;
				CLANG_WARN_EMPTY_BODY = YES;
				CLANG_WARN_ENUM_CONVERSION = YES;
				CLANG_WARN_INT_CONVERSION = YES;
				CLANG_WARN_OBJC_ROOT_CLASS = YES_ERROR;
				CLANG_WARN_UNREACHABLE_CODE = YES;
				CLANG_WARN__DUPLICATE_METHOD_MATCH = YES;
				"CODE_SIGN_IDENTITY[sdk=iphoneos*]" = "iPhone Developer";
				COPY_PHASE_STRIP = NO;
				DEBUG_INFORMATION_FORMAT = "dwarf-with-dsym";
				ENABLE_STRICT_OBJC_MSGSEND = YES;
				GCC_C_LANGUAGE_STANDARD = gnu99;
				GCC_DYNAMIC_NO_PIC = NO;
				GCC_NO_COMMON_BLOCKS = YES;
				GCC_OPTIMIZATION_LEVEL = 0;
				GCC_PREPROCESSOR_DEFINITIONS = (
					"DEBUG=1",
					"$(inherited)",
				);
				GCC_SYMBOLS_PRIVATE_EXTERN = NO;
				GCC_WARN_64_TO_32_BIT_CONVERSION = YES;
				GCC_WARN_ABOUT_RETURN_TYPE = YES_ERROR;
				GCC_WARN_UNDECLARED_SELECTOR = YES;
				GCC_WARN_UNINITIALIZED_AUTOS = YES_AGGRESSIVE;
				GCC_WARN_UNUSED_FUNCTION = YES;
				GCC_WARN_UNUSED_VARIABLE = YES;
				IPHONEOS_DEPLOYMENT_TARGET = 8.4;
				MTL_ENABLE_DEBUG_INFO = YES;
				ONLY_ACTIVE_ARCH = YES;
				SDKROOT = iphoneos;
				SWIFT_OPTIMIZATION_LEVEL = "-Onone";
				TARGETED_DEVICE_FAMILY = "1,2";
			};
			name = Debug;
		};
		08DE942F1B8C58AC00D278AB /* Release */ = {
			isa = XCBuildConfiguration;
			buildSettings = {
				ALWAYS_SEARCH_USER_PATHS = NO;
				CLANG_CXX_LANGUAGE_STANDARD = "gnu++0x";
				CLANG_CXX_LIBRARY = "libc++";
				CLANG_ENABLE_MODULES = YES;
				CLANG_ENABLE_OBJC_ARC = YES;
				CLANG_WARN_BOOL_CONVERSION = YES;
				CLANG_WARN_CONSTANT_CONVERSION = YES;
				CLANG_WARN_DIRECT_OBJC_ISA_USAGE = YES_ERROR;
				CLANG_WARN_EMPTY_BODY = YES;
				CLANG_WARN_ENUM_CONVERSION = YES;
				CLANG_WARN_INT_CONVERSION = YES;
				CLANG_WARN_OBJC_ROOT_CLASS = YES_ERROR;
				CLANG_WARN_UNREACHABLE_CODE = YES;
				CLANG_WARN__DUPLICATE_METHOD_MATCH = YES;
				"CODE_SIGN_IDENTITY[sdk=iphoneos*]" = "iPhone Developer";
				COPY_PHASE_STRIP = NO;
				DEBUG_INFORMATION_FORMAT = "dwarf-with-dsym";
				ENABLE_NS_ASSERTIONS = NO;
				ENABLE_STRICT_OBJC_MSGSEND = YES;
				GCC_C_LANGUAGE_STANDARD = gnu99;
				GCC_NO_COMMON_BLOCKS = YES;
				GCC_WARN_64_TO_32_BIT_CONVERSION = YES;
				GCC_WARN_ABOUT_RETURN_TYPE = YES_ERROR;
				GCC_WARN_UNDECLARED_SELECTOR = YES;
				GCC_WARN_UNINITIALIZED_AUTOS = YES_AGGRESSIVE;
				GCC_WARN_UNUSED_FUNCTION = YES;
				GCC_WARN_UNUSED_VARIABLE = YES;
				IPHONEOS_DEPLOYMENT_TARGET = 8.4;
				MTL_ENABLE_DEBUG_INFO = NO;
				SDKROOT = iphoneos;
				TARGETED_DEVICE_FAMILY = "1,2";
				VALIDATE_PRODUCT = YES;
			};
			name = Release;
		};
		08DE94311B8C58AC00D278AB /* Debug */ = {
			isa = XCBuildConfiguration;
			buildSettings = {
				ASSETCATALOG_COMPILER_APPICON_NAME = AppIcon;
				INFOPLIST_FILE = Stepic/Info.plist;
				LD_RUNPATH_SEARCH_PATHS = "$(inherited) @executable_path/Frameworks";
				PRODUCT_NAME = "$(TARGET_NAME)";
			};
			name = Debug;
		};
		08DE94321B8C58AC00D278AB /* Release */ = {
			isa = XCBuildConfiguration;
			buildSettings = {
				ASSETCATALOG_COMPILER_APPICON_NAME = AppIcon;
				INFOPLIST_FILE = Stepic/Info.plist;
				LD_RUNPATH_SEARCH_PATHS = "$(inherited) @executable_path/Frameworks";
				PRODUCT_NAME = "$(TARGET_NAME)";
			};
			name = Release;
		};
		08DE94341B8C58AC00D278AB /* Debug */ = {
			isa = XCBuildConfiguration;
			buildSettings = {
				BUNDLE_LOADER = "$(TEST_HOST)";
				FRAMEWORK_SEARCH_PATHS = (
					"$(SDKROOT)/Developer/Library/Frameworks",
					"$(inherited)",
				);
				GCC_PREPROCESSOR_DEFINITIONS = (
					"DEBUG=1",
					"$(inherited)",
				);
				INFOPLIST_FILE = StepicTests/Info.plist;
				LD_RUNPATH_SEARCH_PATHS = "$(inherited) @executable_path/Frameworks @loader_path/Frameworks";
				PRODUCT_NAME = "$(TARGET_NAME)";
				TEST_HOST = "$(BUILT_PRODUCTS_DIR)/Stepic.app/Stepic";
			};
			name = Debug;
		};
		08DE94351B8C58AC00D278AB /* Release */ = {
			isa = XCBuildConfiguration;
			buildSettings = {
				BUNDLE_LOADER = "$(TEST_HOST)";
				FRAMEWORK_SEARCH_PATHS = (
					"$(SDKROOT)/Developer/Library/Frameworks",
					"$(inherited)",
				);
				INFOPLIST_FILE = StepicTests/Info.plist;
				LD_RUNPATH_SEARCH_PATHS = "$(inherited) @executable_path/Frameworks @loader_path/Frameworks";
				PRODUCT_NAME = "$(TARGET_NAME)";
				TEST_HOST = "$(BUILT_PRODUCTS_DIR)/Stepic.app/Stepic";
			};
			name = Release;
		};
/* End XCBuildConfiguration section */

/* Begin XCConfigurationList section */
		08DE940C1B8C58AC00D278AB /* Build configuration list for PBXProject "Stepic" */ = {
			isa = XCConfigurationList;
			buildConfigurations = (
				08DE942E1B8C58AC00D278AB /* Debug */,
				08DE942F1B8C58AC00D278AB /* Release */,
			);
			defaultConfigurationIsVisible = 0;
			defaultConfigurationName = Release;
		};
		08DE94301B8C58AC00D278AB /* Build configuration list for PBXNativeTarget "Stepic" */ = {
			isa = XCConfigurationList;
			buildConfigurations = (
				08DE94311B8C58AC00D278AB /* Debug */,
				08DE94321B8C58AC00D278AB /* Release */,
			);
			defaultConfigurationIsVisible = 0;
		};
		08DE94331B8C58AC00D278AB /* Build configuration list for PBXNativeTarget "StepicTests" */ = {
			isa = XCConfigurationList;
			buildConfigurations = (
				08DE94341B8C58AC00D278AB /* Debug */,
				08DE94351B8C58AC00D278AB /* Release */,
			);
			defaultConfigurationIsVisible = 0;
		};
/* End XCConfigurationList section */
	};
	rootObject = 08DE94091B8C58AC00D278AB /* Project object */;
}
